// !$*UTF8*$!
{
	archiveVersion = 1;
	classes = {
	};
	objectVersion = 42;
	objects = {

/* Begin PBXBuildFile section */
		02091977450E603D1F132D69 /* algorithmexception.cpp in Build Sources */ = {isa = PBXBuildFile; fileRef = 779ED6AB7FF01071A0AE0E43 /* algorithmexception.cpp */; settings = {ATTRIBUTES = (); }; };
		06E1B48B15BAF13B947EBAED /* moc_imagelayerswindow.cpp in Build Sources */ = {isa = PBXBuildFile; fileRef = EE6DF74797B345173BBB8E31 /* moc_imagelayerswindow.cpp */; settings = {ATTRIBUTES = (); }; };
		097179B20FDE182B24104409 /* imagescroll.cpp in Build Sources */ = {isa = PBXBuildFile; fileRef = 4D4F926D05650E58116E8E66 /* imagescroll.cpp */; settings = {ATTRIBUTES = (); }; };
		0C2A29BD59F7A313EBD6E601 /* ITKIOGDCM-4.9 in Frameworks & Libraries */ = {isa = PBXBuildFile; fileRef = ECA71B31E766629AD62C6BAE /* ITKIOGDCM-4.9 */; };
		0C6D4628EE0B0D1479A20551 /* AGL.framework in Frameworks & Libraries */ = {isa = PBXBuildFile; fileRef = C6766F86E49E9C8701C8E637 /* AGL.framework */; };
		0CE16405DFA64B6DDAA20E65 /* itkvnl_algo-4.9 in Frameworks & Libraries */ = {isa = PBXBuildFile; fileRef = D05E2C96983E45C058092B1B /* itkvnl_algo-4.9 */; };
		1A7EB1A556582787B6BEF4D0 /* imagelayerswindow.cpp in Build Sources */ = {isa = PBXBuildFile; fileRef = D0C87D8BC873B05B7558538B /* imagelayerswindow.cpp */; settings = {ATTRIBUTES = (); }; };
		1F9A8B9CE0E43A48FE7A1402 /* ITKIOImageBase-4.9 in Frameworks & Libraries */ = {isa = PBXBuildFile; fileRef = 7D327FEA51C77FD8C4A192DD /* ITKIOImageBase-4.9 */; };
		2B093CA6F071B023A473CED0 /* main.cpp in Build Sources */ = {isa = PBXBuildFile; fileRef = 118FCBAABA162BA17933C789 /* main.cpp */; settings = {ATTRIBUTES = (); }; };
		303D2415BD13B56DF04ED42A /* common.cpp in Build Sources */ = {isa = PBXBuildFile; fileRef = E3168926F22FBC450AC65484 /* common.cpp */; settings = {ATTRIBUTES = (); }; };
		32C0A61EAB9639A9DC087396 /* moc_windowingwindow.cpp in Build Sources */ = {isa = PBXBuildFile; fileRef = 2B936E6C4042ACC43171F78D /* moc_windowingwindow.cpp */; settings = {ATTRIBUTES = (); }; };
		3AAEE341F8B46CA267AD9FCB /* itksys-4.9 in Frameworks & Libraries */ = {isa = PBXBuildFile; fileRef = C81336294E0FBCA6D5FF4A75 /* itksys-4.9 */; };
		3B9B7D47F7E285E2F813E927 /* layersthresholdwindow.cpp in Build Sources */ = {isa = PBXBuildFile; fileRef = FF233F81E32902C5F023C3C5 /* layersthresholdwindow.cpp */; settings = {ATTRIBUTES = (); }; };
		3E2C77F982F4328C218A9573 /* itkgdcmjpeg12-4.9 in Frameworks & Libraries */ = {isa = PBXBuildFile; fileRef = C45F4CC6566B6C30B84E2CE4 /* itkgdcmjpeg12-4.9 */; };
		3EE7D168E6E05130EE091BCC /* HighDiverg.cpp in Build Sources */ = {isa = PBXBuildFile; fileRef = 06D4CF8C3BA845C2E5988EAA /* HighDiverg.cpp */; settings = {ATTRIBUTES = (); }; };
		3EFE514260D1D84BFD8DCD7C /* vertexgraph.cpp in Build Sources */ = {isa = PBXBuildFile; fileRef = C36B64D1420987BF7A6D9061 /* vertexgraph.cpp */; settings = {ATTRIBUTES = (); }; };
		430ADFF71EE969BACCB6FA9A /* itkvnl-4.9 in Frameworks & Libraries */ = {isa = PBXBuildFile; fileRef = 69AFC84464849BDA994955FF /* itkvnl-4.9 */; };
		43336559D52427F155598F12 /* skeletongraphview.cpp in Build Sources */ = {isa = PBXBuildFile; fileRef = 623AE337AE48E774E554CABB /* skeletongraphview.cpp */; settings = {ATTRIBUTES = (); }; };
		4441B4B4AED53E7FD5962376 /* moc_opendicomwindow.cpp in Build Sources */ = {isa = PBXBuildFile; fileRef = 9F477E514084D767793AF4BB /* moc_opendicomwindow.cpp */; settings = {ATTRIBUTES = (); }; };
		486D075DE23F37D9CB8CF5B2 /* itkgdcmuuid-4.9 in Frameworks & Libraries */ = {isa = PBXBuildFile; fileRef = C9582AE86DA2798A12A6CC9B /* itkgdcmuuid-4.9 */; };
		4CB4D34A8C314BFD99EA759A /* moc_zoomer.cpp in Build Sources */ = {isa = PBXBuildFile; fileRef = 62A6239CBA3F41658F8E62B0 /* moc_zoomer.cpp */; settings = {ATTRIBUTES = (); }; };
		4CFC08CFBDBB977419CFA18C /* viewer3d.cpp in Build Sources */ = {isa = PBXBuildFile; fileRef = 7192620114D54B83CD61F0C3 /* viewer3d.cpp */; settings = {ATTRIBUTES = (); }; };
		504FA20729B9916432DA3461 /* moc_imagescroll.cpp in Build Sources */ = {isa = PBXBuildFile; fileRef = C0C877FF50F756F18B4F66EA /* moc_imagescroll.cpp */; settings = {ATTRIBUTES = (); }; };
		55638D77A32D908A8B899010 /* qxtspanslider.cpp in Build Sources */ = {isa = PBXBuildFile; fileRef = 246E403CA8C2FBDD7E20F677 /* qxtspanslider.cpp */; settings = {ATTRIBUTES = (); }; };
		55D1A8DF3893AC13F87772E4 /* opendicomwindow.cpp in Build Sources */ = {isa = PBXBuildFile; fileRef = 86DCD36B10F98F297407872B /* opendicomwindow.cpp */; settings = {ATTRIBUTES = (); }; };
		5861E97ABC3370CECB343E7F /* itkdouble-conversion-4.9 in Frameworks & Libraries */ = {isa = PBXBuildFile; fileRef = 0936BF17B5A5222011260200 /* itkdouble-conversion-4.9 */; };
		5F5A98D3BC5EF96231A08AAF /* algorithmswindow.cpp in Build Sources */ = {isa = PBXBuildFile; fileRef = 1E273AA21B10FDF48CA4DC3E /* algorithmswindow.cpp */; settings = {ATTRIBUTES = (); }; };
		60587BD1B6F6A717C518EAA6 /* skeletonview.cpp in Build Sources */ = {isa = PBXBuildFile; fileRef = 139DD269B7B103157191C310 /* skeletonview.cpp */; settings = {ATTRIBUTES = (); }; };
		67952B314B7D9583EE8B8013 /* armadillo in Frameworks & Libraries */ = {isa = PBXBuildFile; fileRef = 30489805B58032296538E0C2 /* armadillo */; };
		69EB2E05AEEB072CF4FFA11E /* ITKIOTIFF-4.9 in Frameworks & Libraries */ = {isa = PBXBuildFile; fileRef = D76DF9A0413B0F9DF82B975C /* ITKIOTIFF-4.9 */; };
		6A8D8EB72234BC3C4EDEE47E /* ITKCommon-4.9 in Frameworks & Libraries */ = {isa = PBXBuildFile; fileRef = 2AF51755B5944379FDFDB30C /* ITKCommon-4.9 */; };
		6C390CF8163048B828B37AA1 /* moc_qcustomplot.cpp in Build Sources */ = {isa = PBXBuildFile; fileRef = 75D447C1E705CBAE45F04B09 /* moc_qcustomplot.cpp */; settings = {ATTRIBUTES = (); }; };
		6FC09203D8A9F6566F540184 /* CritPts.cpp in Build Sources */ = {isa = PBXBuildFile; fileRef = 06C7DF751F481DF8B67951D9 /* CritPts.cpp */; settings = {ATTRIBUTES = (); }; };
		77811120EBFE28CC17AAC7B0 /* zoomer.cpp in Build Sources */ = {isa = PBXBuildFile; fileRef = 37A43B760A9DFDE6AB98AAE8 /* zoomer.cpp */; settings = {ATTRIBUTES = (); }; };
		7F1E3D30B1235357BF590742 /* imagelayersviewer3dwindow.cpp in Build Sources */ = {isa = PBXBuildFile; fileRef = F38A46AB5AD41C75A4063725 /* imagelayersviewer3dwindow.cpp */; settings = {ATTRIBUTES = (); }; };
		7F2A8B1B5C65947396D7A6A4 /* itkgdcmIOD-4.9 in Frameworks & Libraries */ = {isa = PBXBuildFile; fileRef = 9A7D78974DE153C847C968D6 /* itkgdcmIOD-4.9 */; };
		81ACB67BAD2F669A71149BFE /* expandVol.cpp in Build Sources */ = {isa = PBXBuildFile; fileRef = C7307608BD642D89288DEDB0 /* expandVol.cpp */; settings = {ATTRIBUTES = (); }; };
		83762BBF5211688EB55B07A4 /* StreamLn.cpp in Build Sources */ = {isa = PBXBuildFile; fileRef = 44CE3F6634828D4F429FA05C /* StreamLn.cpp */; settings = {ATTRIBUTES = (); }; };
		8C0C0B31354ACE9B4FBEF457 /* itkgdcmDSED-4.9 in Frameworks & Libraries */ = {isa = PBXBuildFile; fileRef = 46DE81DEC25743D8DE4039A3 /* itkgdcmDSED-4.9 */; };
		8EB6B184F26941AD5027D8EB /* edgegraph.cpp in Build Sources */ = {isa = PBXBuildFile; fileRef = 412F81035E9D345023B71487 /* edgegraph.cpp */; settings = {ATTRIBUTES = (); }; };
		9158B04B0EBFFA043FB24CAA /* potVect.cpp in Build Sources */ = {isa = PBXBuildFile; fileRef = 96AC37F342336A271050045B /* potVect.cpp */; settings = {ATTRIBUTES = (); }; };
		91CB9357574FBFFA32FE4C95 /* moc_imagelayersviewer3dwindow.cpp in Build Sources */ = {isa = PBXBuildFile; fileRef = 28499AABD80169E6C7DD2D34 /* moc_imagelayersviewer3dwindow.cpp */; settings = {ATTRIBUTES = (); }; };
		9456A24AD3FA9166883D4705 /* moc_algorithmswindow.cpp in Build Sources */ = {isa = PBXBuildFile; fileRef = 4D4B5E9C1BCECB707C239B8E /* moc_algorithmswindow.cpp */; settings = {ATTRIBUTES = (); }; };
		96FA7F45B101DEFED2E4E0F1 /* itkopenjpeg-4.9 in Frameworks & Libraries */ = {isa = PBXBuildFile; fileRef = 4474F5B96D04ED68B9736082 /* itkopenjpeg-4.9 */; };
		9F6658883D79EED9E2A71C34 /* qcustomplot.cpp in Build Sources */ = {isa = PBXBuildFile; fileRef = 4494967B524896AEFBC2138C /* qcustomplot.cpp */; settings = {ATTRIBUTES = (); }; };
		A5D1F72F053F5D3FC8AADD02 /* moc_mainwindow.cpp in Build Sources */ = {isa = PBXBuildFile; fileRef = 76B050FA7131DB940B00B7FB /* moc_mainwindow.cpp */; settings = {ATTRIBUTES = (); }; };
		A8DE23A94E9A209365C98083 /* pfSkel.cpp in Build Sources */ = {isa = PBXBuildFile; fileRef = EC1BDBAD5513B63B4FAEBFBF /* pfSkel.cpp */; settings = {ATTRIBUTES = (); }; };
		B3837C27FA7F125C4BDA1C6C /* QtXml.framework in Frameworks & Libraries */ = {isa = PBXBuildFile; fileRef = FC9FB2246881D3BE9A0844BF /* QtXml.framework */; };
		B474F88F14CC75A2A63FE123 /* imagelayerstoolswindow.cpp in Build Sources */ = {isa = PBXBuildFile; fileRef = 8E05AA159B406D8C80B6A272 /* imagelayerstoolswindow.cpp */; settings = {ATTRIBUTES = (); }; };
		B56BDFF6E4D65E3F4EE025FD /* histogramwindow.cpp in Build Sources */ = {isa = PBXBuildFile; fileRef = 71C91A037B067EDD3F9F65E0 /* histogramwindow.cpp */; settings = {ATTRIBUTES = (); }; };
		B593419BA26CDBA9E8009556 /* QGLViewer.framework in Frameworks & Libraries */ = {isa = PBXBuildFile; fileRef = 3F67DE4C748ECDD60928597E /* QGLViewer.framework */; };
		B93844F462391133A23709DF /* itkgdcmjpeg16-4.9 in Frameworks & Libraries */ = {isa = PBXBuildFile; fileRef = 968DE89FE6D1053B4379CE4B /* itkgdcmjpeg16-4.9 */; };
		BCB5017077662AE5ED97D4D4 /* imagelayer.cpp in Build Sources */ = {isa = PBXBuildFile; fileRef = 7009D5E092B5C102DBA06A12 /* imagelayer.cpp */; settings = {ATTRIBUTES = (); }; };
		BCEF71E1EDFB18DA77DC750B /* OpenGL.framework in Frameworks & Libraries */ = {isa = PBXBuildFile; fileRef = DA18A6831232F53228631AD1 /* OpenGL.framework */; };
		BDFF6C44F84063596B9D7CCC /* emon in Frameworks & Libraries */ = {isa = PBXBuildFile; fileRef = 248468482523817A07BA1EF6 /* emon */; };
		BE67B48D00F91AA88258976A /* itkv3p_netlib-4.9 in Frameworks & Libraries */ = {isa = PBXBuildFile; fileRef = C882A3E94D49EA81C3DC6948 /* itkv3p_netlib-4.9 */; };
		BE7E3B4798928CA20AC61AB4 /* skeletongraph.cpp in Build Sources */ = {isa = PBXBuildFile; fileRef = 79E1C1CCBE29B05D501AE98E /* skeletongraph.cpp */; settings = {ATTRIBUTES = (); }; };
		C0931D14FDA3006184B9B2F9 /* QtOpenGL.framework in Frameworks & Libraries */ = {isa = PBXBuildFile; fileRef = F0B0D19FE49F91D4ADC13D5E /* QtOpenGL.framework */; };
		C8F72BFE1C608B515B6E8E1C /* QtGui.framework in Frameworks & Libraries */ = {isa = PBXBuildFile; fileRef = EBFB0839C8AEE93FADF07A13 /* QtGui.framework */; };
		CB8CBED17C6023D32F4F9AF8 /* ITKStatistics-4.9 in Frameworks & Libraries */ = {isa = PBXBuildFile; fileRef = 64C8A6D1E60BB6DC726A8E8C /* ITKStatistics-4.9 */; };
		CC406ABBA76A0CEC2CA93B34 /* moc_qxtspanslider.cpp in Build Sources */ = {isa = PBXBuildFile; fileRef = 7504895626CCF461A989CCD5 /* moc_qxtspanslider.cpp */; settings = {ATTRIBUTES = (); }; };
		CDB109E88C692DC5FE01A509 /* itkgdcmDICT-4.9 in Frameworks & Libraries */ = {isa = PBXBuildFile; fileRef = 85A4B705B03E25965643CAEB /* itkgdcmDICT-4.9 */; };
		D282459BDAE3C3C59A032139 /* moc_qxtspanslider_p.cpp in Build Sources */ = {isa = PBXBuildFile; fileRef = 27544B934E44CA97C64E0522 /* moc_qxtspanslider_p.cpp */; settings = {ATTRIBUTES = (); }; };
		D3735E89F27EFCD107DAE738 /* moc_imagelayerstoolswindow.cpp in Build Sources */ = {isa = PBXBuildFile; fileRef = F1E1A331EE1F716140E58A81 /* moc_imagelayerstoolswindow.cpp */; settings = {ATTRIBUTES = (); }; };
		D72BB1DFB0ABC6A2E39F4CEA /* moc_layersthresholdwindow.cpp in Build Sources */ = {isa = PBXBuildFile; fileRef = 5DCED85B6754C92EA15C33E9 /* moc_layersthresholdwindow.cpp */; settings = {ATTRIBUTES = (); }; };
		D7FCE528845FB0671745A70B /* ITKLabelMap-4.9 in Frameworks & Libraries */ = {isa = PBXBuildFile; fileRef = 02327B15E5B7E9B4B53E0DEB /* ITKLabelMap-4.9 */; };
		D987ED99D05F9CD31194DC80 /* makeSolidVol.cpp in Build Sources */ = {isa = PBXBuildFile; fileRef = 1C3293FF227C33900A7C5BB2 /* makeSolidVol.cpp */; settings = {ATTRIBUTES = (); }; };
		DAF263F8EAAAEAFAD31DA3BC /* DGtal in Frameworks & Libraries */ = {isa = PBXBuildFile; fileRef = 6AE45FD26BD7306A8E4AB0ED /* DGtal */; };
		DBA8F69946E4CE8C43A5C6F8 /* itkgdcmjpeg8-4.9 in Frameworks & Libraries */ = {isa = PBXBuildFile; fileRef = 288EAB282AB9F4A745FE6AC3 /* itkgdcmjpeg8-4.9 */; };
		E433BB9A3895206B2CD136F5 /* ITKVNLInstantiation-4.9 in Frameworks & Libraries */ = {isa = PBXBuildFile; fileRef = DADD61F8E8AD34CCEE573BDB /* ITKVNLInstantiation-4.9 */; };
		E942D1CA640012A2C21709DD /* itkgdcmMSFF-4.9 in Frameworks & Libraries */ = {isa = PBXBuildFile; fileRef = DA3E01D491E5F82229C68FC3 /* itkgdcmMSFF-4.9 */; };
		F0929686249171DC0F7E26D6 /* mainwindow.cpp in Build Sources */ = {isa = PBXBuildFile; fileRef = ABE24E198CC1429CF22D13A6 /* mainwindow.cpp */; settings = {ATTRIBUTES = (); }; };
		F0D1675FCAD946C99A4D1729 /* QtCore.framework in Frameworks & Libraries */ = {isa = PBXBuildFile; fileRef = AAF04F6AE2F3AFB7EC6BE743 /* QtCore.framework */; };
		F1295EAF613002D64A2431B3 /* itkgdcmCommon-4.9 in Frameworks & Libraries */ = {isa = PBXBuildFile; fileRef = 14F7D8393C9D81A6B68A6369 /* itkgdcmCommon-4.9 */; };
		F43F8A20D373DDFB1ACD4128 /* skeletonmodel.cpp in Build Sources */ = {isa = PBXBuildFile; fileRef = 88C04191F16001867D58CE32 /* skeletonmodel.cpp */; settings = {ATTRIBUTES = (); }; };
		FDC2570A464DE5529C916149 /* windowingwindow.cpp in Build Sources */ = {isa = PBXBuildFile; fileRef = 29479FA0406F7E8AAD5B66F1 /* windowingwindow.cpp */; settings = {ATTRIBUTES = (); }; };
/* End PBXBuildFile section */

/* Begin PBXFileReference section */
		02327B15E5B7E9B4B53E0DEB /* ITKLabelMap-4.9 */ = {isa = PBXFileReference; lastKnownFileType = "compiled.mach-o.dylib"; name = "ITKLabelMap-4.9"; path = "/usr/local/lib/libITKLabelMap-4.9.dylib"; sourceTree = "<absolute>"; };
		04C30F0F8BA6B487ED6CE681 /* tnt_stopwatch.h */ = {isa = PBXFileReference; lastKnownFileType = sourcecode.c.h; name = tnt_stopwatch.h; path = pfSkel/TNT/tnt_stopwatch.h; sourceTree = SOURCE_ROOT; };
		06C7DF751F481DF8B67951D9 /* CritPts.cpp */ = {isa = PBXFileReference; lastKnownFileType = sourcecode.cpp.cpp; name = CritPts.cpp; path = pfSkel/CritPts/CritPts.cpp; sourceTree = SOURCE_ROOT; };
		06D4CF8C3BA845C2E5988EAA /* HighDiverg.cpp */ = {isa = PBXFileReference; lastKnownFileType = sourcecode.cpp.cpp; name = HighDiverg.cpp; path = pfSkel/HighDiverg/HighDiverg.cpp; sourceTree = SOURCE_ROOT; };
		08B7260A15662CDBA603DDBE /* skeletongraphview.h */ = {isa = PBXFileReference; lastKnownFileType = sourcecode.c.h; name = skeletongraphview.h; path = View/skeletongraphview.h; sourceTree = SOURCE_ROOT; };
		0936BF17B5A5222011260200 /* itkdouble-conversion-4.9 */ = {isa = PBXFileReference; lastKnownFileType = "compiled.mach-o.dylib"; name = "itkdouble-conversion-4.9"; path = "/usr/local/lib/libitkdouble-conversion-4.9.dylib"; sourceTree = "<absolute>"; };
		113D4BEF6F9F021EF4FA9D40 /* image3D.h */ = {isa = PBXFileReference; lastKnownFileType = sourcecode.c.h; name = image3D.h; path = Model/image3D.h; sourceTree = SOURCE_ROOT; };
		118FCBAABA162BA17933C789 /* main.cpp */ = {isa = PBXFileReference; lastKnownFileType = sourcecode.cpp.cpp; path = main.cpp; sourceTree = SOURCE_ROOT; };
		11B8C48E7FF9065E51480F00 /* tnt_i_refvec.h */ = {isa = PBXFileReference; lastKnownFileType = sourcecode.c.h; name = tnt_i_refvec.h; path = pfSkel/TNT/tnt_i_refvec.h; sourceTree = SOURCE_ROOT; };
		139DD269B7B103157191C310 /* skeletonview.cpp */ = {isa = PBXFileReference; lastKnownFileType = sourcecode.cpp.cpp; name = skeletonview.cpp; path = View/skeletonview.cpp; sourceTree = SOURCE_ROOT; };
		1418155C90BDF9AC89003DE0 /* algorithmitkconnectedcomponent.h */ = {isa = PBXFileReference; lastKnownFileType = sourcecode.c.h; name = algorithmitkconnectedcomponent.h; path = Model/Algorithm/ITK/algorithmitkconnectedcomponent.h; sourceTree = SOURCE_ROOT; };
		149501EE137780C023A135E1 /* algorithmviewitkbinarythreshold.h */ = {isa = PBXFileReference; lastKnownFileType = sourcecode.c.h; name = algorithmviewitkbinarythreshold.h; path = View/Algorithm/ITK/algorithmviewitkbinarythreshold.h; sourceTree = SOURCE_ROOT; };
		14F7D8393C9D81A6B68A6369 /* itkgdcmCommon-4.9 */ = {isa = PBXFileReference; lastKnownFileType = "compiled.mach-o.dylib"; name = "itkgdcmCommon-4.9"; path = "/usr/local/lib/libitkgdcmCommon-4.9.dylib"; sourceTree = "<absolute>"; };
		17EEC6467FFA3CC697FED515 /* imagelayerstoolswindow.h */ = {isa = PBXFileReference; lastKnownFileType = sourcecode.c.h; name = imagelayerstoolswindow.h; path = View/Layer/imagelayerstoolswindow.h; sourceTree = SOURCE_ROOT; };
		1BDA827931775914FB5D27BC /* vertexgraph.h */ = {isa = PBXFileReference; lastKnownFileType = sourcecode.c.h; name = vertexgraph.h; path = Model/vertexgraph.h; sourceTree = SOURCE_ROOT; };
		1C3293FF227C33900A7C5BB2 /* makeSolidVol.cpp */ = {isa = PBXFileReference; lastKnownFileType = sourcecode.cpp.cpp; name = makeSolidVol.cpp; path = pfSkel/MakeSolidVol/makeSolidVol.cpp; sourceTree = SOURCE_ROOT; };
		1C7EF9E357FA90C4F4BA95FF /* tnt_subscript.h */ = {isa = PBXFileReference; lastKnownFileType = sourcecode.c.h; name = tnt_subscript.h; path = pfSkel/TNT/tnt_subscript.h; sourceTree = SOURCE_ROOT; };
		1E273AA21B10FDF48CA4DC3E /* algorithmswindow.cpp */ = {isa = PBXFileReference; lastKnownFileType = sourcecode.cpp.cpp; name = algorithmswindow.cpp; path = View/Algorithm/algorithmswindow.cpp; sourceTree = SOURCE_ROOT; };
		1E7CE01317DA7BAEA310A538 /* imagelayer.h */ = {isa = PBXFileReference; lastKnownFileType = sourcecode.c.h; name = imagelayer.h; path = Model/Layer/imagelayer.h; sourceTree = SOURCE_ROOT; };
		1EC120100540FE3B57CDA513 /* imagelayerswindow.h */ = {isa = PBXFileReference; lastKnownFileType = sourcecode.c.h; name = imagelayerswindow.h; path = View/Layer/imagelayerswindow.h; sourceTree = SOURCE_ROOT; };
		219C7C4611A4B3AE09634DD9 /* tnt_fortran_array3d_utils.h */ = {isa = PBXFileReference; lastKnownFileType = sourcecode.c.h; name = tnt_fortran_array3d_utils.h; path = pfSkel/TNT/tnt_fortran_array3d_utils.h; sourceTree = SOURCE_ROOT; };
		246E403CA8C2FBDD7E20F677 /* qxtspanslider.cpp */ = {isa = PBXFileReference; lastKnownFileType = sourcecode.cpp.cpp; name = qxtspanslider.cpp; path = View/Spanslider/qxtspanslider.cpp; sourceTree = SOURCE_ROOT; };
		248468482523817A07BA1EF6 /* emon */ = {isa = PBXFileReference; lastKnownFileType = archive.ar; name = emon; path = /usr/local/lib/libemon.a; sourceTree = "<absolute>"; };
		24E815C1AFF0F38E450F385A /* OS3D.pro */ = {isa = PBXFileReference; lastKnownFileType = text; path = OS3D.pro; sourceTree = SOURCE_ROOT; };
		27544B934E44CA97C64E0522 /* moc_qxtspanslider_p.cpp */ = {isa = PBXFileReference; lastKnownFileType = sourcecode.cpp.cpp; name = moc_qxtspanslider_p.cpp; path = moc/moc_qxtspanslider_p.cpp; sourceTree = SOURCE_ROOT; };
		28499AABD80169E6C7DD2D34 /* moc_imagelayersviewer3dwindow.cpp */ = {isa = PBXFileReference; lastKnownFileType = sourcecode.cpp.cpp; name = moc_imagelayersviewer3dwindow.cpp; path = moc/moc_imagelayersviewer3dwindow.cpp; sourceTree = SOURCE_ROOT; };
		288EAB282AB9F4A745FE6AC3 /* itkgdcmjpeg8-4.9 */ = {isa = PBXFileReference; lastKnownFileType = "compiled.mach-o.dylib"; name = "itkgdcmjpeg8-4.9"; path = "/usr/local/lib/libitkgdcmjpeg8-4.9.dylib"; sourceTree = "<absolute>"; };
		29109ECAD2F85AD639BAD2BA /* qxtglobal.h */ = {isa = PBXFileReference; lastKnownFileType = sourcecode.c.h; name = qxtglobal.h; path = View/Spanslider/qxtglobal.h; sourceTree = SOURCE_ROOT; };
		29479FA0406F7E8AAD5B66F1 /* windowingwindow.cpp */ = {isa = PBXFileReference; lastKnownFileType = sourcecode.cpp.cpp; name = windowingwindow.cpp; path = View/windowingwindow.cpp; sourceTree = SOURCE_ROOT; };
		2AF51755B5944379FDFDB30C /* ITKCommon-4.9 */ = {isa = PBXFileReference; lastKnownFileType = "compiled.mach-o.dylib"; name = "ITKCommon-4.9"; path = "/usr/local/lib/libITKCommon-4.9.dylib"; sourceTree = "<absolute>"; };
		2B2F602DFA9259F6ED55328D /* qxtspanslider_p.h */ = {isa = PBXFileReference; lastKnownFileType = sourcecode.c.h; name = qxtspanslider_p.h; path = View/Spanslider/qxtspanslider_p.h; sourceTree = SOURCE_ROOT; };
		2B7A1B3803EA4E5C3137A148 /* algorithmviewitklabelshapekeepnobjects.h */ = {isa = PBXFileReference; lastKnownFileType = sourcecode.c.h; name = algorithmviewitklabelshapekeepnobjects.h; path = View/Algorithm/ITK/algorithmviewitklabelshapekeepnobjects.h; sourceTree = SOURCE_ROOT; };
		2B936E6C4042ACC43171F78D /* moc_windowingwindow.cpp */ = {isa = PBXFileReference; lastKnownFileType = sourcecode.cpp.cpp; name = moc_windowingwindow.cpp; path = moc/moc_windowingwindow.cpp; sourceTree = SOURCE_ROOT; };
		2C89E8DAC4DCAB27712B0057 /* algorithmswindow.h */ = {isa = PBXFileReference; lastKnownFileType = sourcecode.c.h; name = algorithmswindow.h; path = View/Algorithm/algorithmswindow.h; sourceTree = SOURCE_ROOT; };
		30489805B58032296538E0C2 /* armadillo */ = {isa = PBXFileReference; lastKnownFileType = "compiled.mach-o.dylib"; name = armadillo; path = /usr/local/lib/libarmadillo.dylib; sourceTree = "<absolute>"; };
		3108355597B7EDEA8E61B440 /* tnt_fortran_array3d.h */ = {isa = PBXFileReference; lastKnownFileType = sourcecode.c.h; name = tnt_fortran_array3d.h; path = pfSkel/TNT/tnt_fortran_array3d.h; sourceTree = SOURCE_ROOT; };
		34371A7C118E90CC4D95CAFD /* makeSolidVol.h */ = {isa = PBXFileReference; lastKnownFileType = sourcecode.c.h; name = makeSolidVol.h; path = pfSkel/MakeSolidVol/makeSolidVol.h; sourceTree = SOURCE_ROOT; };
		37A43B760A9DFDE6AB98AAE8 /* zoomer.cpp */ = {isa = PBXFileReference; lastKnownFileType = sourcecode.cpp.cpp; name = zoomer.cpp; path = Model/zoomer.cpp; sourceTree = SOURCE_ROOT; };
		3B3B55AE604C5E6DAD9D1FCC /* algorithmitk.h */ = {isa = PBXFileReference; lastKnownFileType = sourcecode.c.h; name = algorithmitk.h; path = Model/Algorithm/ITK/algorithmitk.h; sourceTree = SOURCE_ROOT; };
		3CDDEFC5FA85ADA66B08E3C4 /* tnt_sparse_matrix_csr.h */ = {isa = PBXFileReference; lastKnownFileType = sourcecode.c.h; name = tnt_sparse_matrix_csr.h; path = pfSkel/TNT/tnt_sparse_matrix_csr.h; sourceTree = SOURCE_ROOT; };
		3D2BEB7BA54ED1F0E7297960 /* imagelayersviewer3dwindow.h */ = {isa = PBXFileReference; lastKnownFileType = sourcecode.c.h; name = imagelayersviewer3dwindow.h; path = View/Layer/imagelayersviewer3dwindow.h; sourceTree = SOURCE_ROOT; };
		3D6EBDB104A342B0BF6FBF98 /* opendicomwindow.h */ = {isa = PBXFileReference; lastKnownFileType = sourcecode.c.h; name = opendicomwindow.h; path = View/opendicomwindow.h; sourceTree = SOURCE_ROOT; };
		3F67DE4C748ECDD60928597E /* QGLViewer.framework */ = {isa = PBXFileReference; lastKnownFileType = wrapper.framework; name = QGLViewer.framework; path = /usr/local/lib/QGLViewer.framework; sourceTree = "<absolute>"; };
		412F81035E9D345023B71487 /* edgegraph.cpp */ = {isa = PBXFileReference; lastKnownFileType = sourcecode.cpp.cpp; name = edgegraph.cpp; path = Model/edgegraph.cpp; sourceTree = SOURCE_ROOT; };
		41E707073ADD036C05348B05 /* algorithmviewdgtaldistancetransformation.h */ = {isa = PBXFileReference; lastKnownFileType = sourcecode.c.h; name = algorithmviewdgtaldistancetransformation.h; path = View/Algorithm/DGtal/algorithmviewdgtaldistancetransformation.h; sourceTree = SOURCE_ROOT; };
		4474F5B96D04ED68B9736082 /* itkopenjpeg-4.9 */ = {isa = PBXFileReference; lastKnownFileType = "compiled.mach-o.dylib"; name = "itkopenjpeg-4.9"; path = "/usr/local/lib/libitkopenjpeg-4.9.dylib"; sourceTree = "<absolute>"; };
		4494967B524896AEFBC2138C /* qcustomplot.cpp */ = {isa = PBXFileReference; lastKnownFileType = sourcecode.cpp.cpp; name = qcustomplot.cpp; path = View/Customplot/qcustomplot.cpp; sourceTree = SOURCE_ROOT; };
		44CE3F6634828D4F429FA05C /* StreamLn.cpp */ = {isa = PBXFileReference; lastKnownFileType = sourcecode.cpp.cpp; name = StreamLn.cpp; path = pfSkel/StreamLn/StreamLn.cpp; sourceTree = SOURCE_ROOT; };
		46DE81DEC25743D8DE4039A3 /* itkgdcmDSED-4.9 */ = {isa = PBXFileReference; lastKnownFileType = "compiled.mach-o.dylib"; name = "itkgdcmDSED-4.9"; path = "/usr/local/lib/libitkgdcmDSED-4.9.dylib"; sourceTree = "<absolute>"; };
		4C41497DF45C6461EC06D89E /* tnt_cmat.h */ = {isa = PBXFileReference; lastKnownFileType = sourcecode.c.h; name = tnt_cmat.h; path = pfSkel/TNT/tnt_cmat.h; sourceTree = SOURCE_ROOT; };
		4D4B5E9C1BCECB707C239B8E /* moc_algorithmswindow.cpp */ = {isa = PBXFileReference; lastKnownFileType = sourcecode.cpp.cpp; name = moc_algorithmswindow.cpp; path = moc/moc_algorithmswindow.cpp; sourceTree = SOURCE_ROOT; };
		4D4F926D05650E58116E8E66 /* imagescroll.cpp */ = {isa = PBXFileReference; lastKnownFileType = sourcecode.cpp.cpp; name = imagescroll.cpp; path = View/imagescroll.cpp; sourceTree = SOURCE_ROOT; };
		4DFA3E5E876B192EE1FC231A /* skeletonmodel.h */ = {isa = PBXFileReference; lastKnownFileType = sourcecode.c.h; name = skeletonmodel.h; path = Model/skeletonmodel.h; sourceTree = SOURCE_ROOT; };
		536A79F8859514CC8FA45D0B /* StreamLn.h */ = {isa = PBXFileReference; lastKnownFileType = sourcecode.c.h; name = StreamLn.h; path = pfSkel/StreamLn/StreamLn.h; sourceTree = SOURCE_ROOT; };
		547D249B0ADF0D354CF9D18B /* tnt_array2d.h */ = {isa = PBXFileReference; lastKnownFileType = sourcecode.c.h; name = tnt_array2d.h; path = pfSkel/TNT/tnt_array2d.h; sourceTree = SOURCE_ROOT; };
		550DACB1AC064FE6ED50A38E /* algorithmitkthreshold.h */ = {isa = PBXFileReference; lastKnownFileType = sourcecode.c.h; name = algorithmitkthreshold.h; path = Model/Algorithm/ITK/algorithmitkthreshold.h; sourceTree = SOURCE_ROOT; };
		5DCED85B6754C92EA15C33E9 /* moc_layersthresholdwindow.cpp */ = {isa = PBXFileReference; lastKnownFileType = sourcecode.cpp.cpp; name = moc_layersthresholdwindow.cpp; path = moc/moc_layersthresholdwindow.cpp; sourceTree = SOURCE_ROOT; };
		5F3FD8E04BAAC53217FEE231 /* tnt_array2d_utils.h */ = {isa = PBXFileReference; lastKnownFileType = sourcecode.c.h; name = tnt_array2d_utils.h; path = pfSkel/TNT/tnt_array2d_utils.h; sourceTree = SOURCE_ROOT; };
		5F8A3196FA51A9354F48965A /* tnt_array3d_utils.h */ = {isa = PBXFileReference; lastKnownFileType = sourcecode.c.h; name = tnt_array3d_utils.h; path = pfSkel/TNT/tnt_array3d_utils.h; sourceTree = SOURCE_ROOT; };
		62384BB21C870E1B007CA2AF /* OS3D.app */ = {isa = PBXFileReference; explicitFileType = wrapper.application; includeInIndex = 0; path = OS3D.app; sourceTree = BUILT_PRODUCTS_DIR; };
		623AE337AE48E774E554CABB /* skeletongraphview.cpp */ = {isa = PBXFileReference; lastKnownFileType = sourcecode.cpp.cpp; name = skeletongraphview.cpp; path = View/skeletongraphview.cpp; sourceTree = SOURCE_ROOT; };
		62A6239CBA3F41658F8E62B0 /* moc_zoomer.cpp */ = {isa = PBXFileReference; lastKnownFileType = sourcecode.cpp.cpp; name = moc_zoomer.cpp; path = moc/moc_zoomer.cpp; sourceTree = SOURCE_ROOT; };
		630E3901613EA1165700814A /* tnt_fortran_array1d_utils.h */ = {isa = PBXFileReference; lastKnownFileType = sourcecode.c.h; name = tnt_fortran_array1d_utils.h; path = pfSkel/TNT/tnt_fortran_array1d_utils.h; sourceTree = SOURCE_ROOT; };
		64C8A6D1E60BB6DC726A8E8C /* ITKStatistics-4.9 */ = {isa = PBXFileReference; lastKnownFileType = "compiled.mach-o.dylib"; name = "ITKStatistics-4.9"; path = "/usr/local/lib/libITKStatistics-4.9.dylib"; sourceTree = "<absolute>"; };
		65CC7FE0D5B4CE507B1D0DAB /* edgegraph.h */ = {isa = PBXFileReference; lastKnownFileType = sourcecode.c.h; name = edgegraph.h; path = Model/edgegraph.h; sourceTree = SOURCE_ROOT; };
		69AFC84464849BDA994955FF /* itkvnl-4.9 */ = {isa = PBXFileReference; lastKnownFileType = "compiled.mach-o.dylib"; name = "itkvnl-4.9"; path = "/usr/local/lib/libitkvnl-4.9.dylib"; sourceTree = "<absolute>"; };
		6A79BA213C4F3ADECA1400DB /* tnt_fortran_array2d_utils.h */ = {isa = PBXFileReference; lastKnownFileType = sourcecode.c.h; name = tnt_fortran_array2d_utils.h; path = pfSkel/TNT/tnt_fortran_array2d_utils.h; sourceTree = SOURCE_ROOT; };
		6AE45FD26BD7306A8E4AB0ED /* DGtal */ = {isa = PBXFileReference; lastKnownFileType = "compiled.mach-o.dylib"; name = DGtal; path = /usr/local/lib/libDGtal.dylib; sourceTree = "<absolute>"; };
		6B7EF948A44F94CA7A7D659A /* imagescroll.h */ = {isa = PBXFileReference; lastKnownFileType = sourcecode.c.h; name = imagescroll.h; path = View/imagescroll.h; sourceTree = SOURCE_ROOT; };
		6FD0909BB181112D4761492E /* skeletonview.h */ = {isa = PBXFileReference; lastKnownFileType = sourcecode.c.h; name = skeletonview.h; path = View/skeletonview.h; sourceTree = SOURCE_ROOT; };
		7009D5E092B5C102DBA06A12 /* imagelayer.cpp */ = {isa = PBXFileReference; lastKnownFileType = sourcecode.cpp.cpp; name = imagelayer.cpp; path = Model/Layer/imagelayer.cpp; sourceTree = SOURCE_ROOT; };
		70B6782613959B9063B5F662 /* algorithmdgtal.h */ = {isa = PBXFileReference; lastKnownFileType = sourcecode.c.h; name = algorithmdgtal.h; path = Model/Algorithm/DGtal/algorithmdgtal.h; sourceTree = SOURCE_ROOT; };
		7192620114D54B83CD61F0C3 /* viewer3d.cpp */ = {isa = PBXFileReference; lastKnownFileType = sourcecode.cpp.cpp; name = viewer3d.cpp; path = View/viewer3d.cpp; sourceTree = SOURCE_ROOT; };
		71C91A037B067EDD3F9F65E0 /* histogramwindow.cpp */ = {isa = PBXFileReference; lastKnownFileType = sourcecode.cpp.cpp; name = histogramwindow.cpp; path = View/histogramwindow.cpp; sourceTree = SOURCE_ROOT; };
		7280D66A7F233311DB02BFA9 /* deftypes.h */ = {isa = PBXFileReference; lastKnownFileType = sourcecode.c.h; path = deftypes.h; sourceTree = SOURCE_ROOT; };
		73017DB159F9D096DD63CD5F /* skeletongraph.h */ = {isa = PBXFileReference; lastKnownFileType = sourcecode.c.h; name = skeletongraph.h; path = Model/skeletongraph.h; sourceTree = SOURCE_ROOT; };
		7504895626CCF461A989CCD5 /* moc_qxtspanslider.cpp */ = {isa = PBXFileReference; lastKnownFileType = sourcecode.cpp.cpp; name = moc_qxtspanslider.cpp; path = moc/moc_qxtspanslider.cpp; sourceTree = SOURCE_ROOT; };
		756EE42F5C0AA5E5E3A464A4 /* CritPts.h */ = {isa = PBXFileReference; lastKnownFileType = sourcecode.c.h; name = CritPts.h; path = pfSkel/CritPts/CritPts.h; sourceTree = SOURCE_ROOT; };
		75D447C1E705CBAE45F04B09 /* moc_qcustomplot.cpp */ = {isa = PBXFileReference; lastKnownFileType = sourcecode.cpp.cpp; name = moc_qcustomplot.cpp; path = moc/moc_qcustomplot.cpp; sourceTree = SOURCE_ROOT; };
		76B050FA7131DB940B00B7FB /* moc_mainwindow.cpp */ = {isa = PBXFileReference; lastKnownFileType = sourcecode.cpp.cpp; name = moc_mainwindow.cpp; path = moc/moc_mainwindow.cpp; sourceTree = SOURCE_ROOT; };
		7726A8DB5E374ADB6B02F02C /* algorithmviewitkbinarymorphologicalclosing.h */ = {isa = PBXFileReference; lastKnownFileType = sourcecode.c.h; name = algorithmviewitkbinarymorphologicalclosing.h; path = View/Algorithm/ITK/algorithmviewitkbinarymorphologicalclosing.h; sourceTree = SOURCE_ROOT; };
		779ED6AB7FF01071A0AE0E43 /* algorithmexception.cpp */ = {isa = PBXFileReference; lastKnownFileType = sourcecode.cpp.cpp; name = algorithmexception.cpp; path = Model/Algorithm/algorithmexception.cpp; sourceTree = SOURCE_ROOT; };
		78E826CDB624BC891005D851 /* qxtspanslider.h */ = {isa = PBXFileReference; lastKnownFileType = sourcecode.c.h; name = qxtspanslider.h; path = View/Spanslider/qxtspanslider.h; sourceTree = SOURCE_ROOT; };
		79E1C1CCBE29B05D501AE98E /* skeletongraph.cpp */ = {isa = PBXFileReference; lastKnownFileType = sourcecode.cpp.cpp; name = skeletongraph.cpp; path = Model/skeletongraph.cpp; sourceTree = SOURCE_ROOT; };
		7B0BE302F3AA68521CF7C54B /* jama_lu.h */ = {isa = PBXFileReference; lastKnownFileType = sourcecode.c.h; name = jama_lu.h; path = pfSkel/JAMA/jama_lu.h; sourceTree = SOURCE_ROOT; };
		7D327FEA51C77FD8C4A192DD /* ITKIOImageBase-4.9 */ = {isa = PBXFileReference; lastKnownFileType = "compiled.mach-o.dylib"; name = "ITKIOImageBase-4.9"; path = "/usr/local/lib/libITKIOImageBase-4.9.dylib"; sourceTree = "<absolute>"; };
		7FED60B42382DDA264BE30A4 /* jama_cholesky.h */ = {isa = PBXFileReference; lastKnownFileType = sourcecode.c.h; name = jama_cholesky.h; path = pfSkel/JAMA/jama_cholesky.h; sourceTree = SOURCE_ROOT; };
		82BB2419E1F6DC2FE1FAC584 /* algorithmdgtaldistancetransformation.h */ = {isa = PBXFileReference; lastKnownFileType = sourcecode.c.h; name = algorithmdgtaldistancetransformation.h; path = Model/Algorithm/DGtal/algorithmdgtaldistancetransformation.h; sourceTree = SOURCE_ROOT; };
		85A4B705B03E25965643CAEB /* itkgdcmDICT-4.9 */ = {isa = PBXFileReference; lastKnownFileType = "compiled.mach-o.dylib"; name = "itkgdcmDICT-4.9"; path = "/usr/local/lib/libitkgdcmDICT-4.9.dylib"; sourceTree = "<absolute>"; };
		863C6A76FB81AAC33F94F929 /* algorithmitklabelshapekeepnobjects.h */ = {isa = PBXFileReference; lastKnownFileType = sourcecode.c.h; name = algorithmitklabelshapekeepnobjects.h; path = Model/Algorithm/ITK/algorithmitklabelshapekeepnobjects.h; sourceTree = SOURCE_ROOT; };
		86DCD36B10F98F297407872B /* opendicomwindow.cpp */ = {isa = PBXFileReference; lastKnownFileType = sourcecode.cpp.cpp; name = opendicomwindow.cpp; path = View/opendicomwindow.cpp; sourceTree = SOURCE_ROOT; };
		88C04191F16001867D58CE32 /* skeletonmodel.cpp */ = {isa = PBXFileReference; lastKnownFileType = sourcecode.cpp.cpp; name = skeletonmodel.cpp; path = Model/skeletonmodel.cpp; sourceTree = SOURCE_ROOT; };
		8AB7C9672170EC88540BBCF8 /* algorithmviewconnectedcomponentextraction.h */ = {isa = PBXFileReference; lastKnownFileType = sourcecode.c.h; name = algorithmviewconnectedcomponentextraction.h; path = View/Algorithm/Adrien/algorithmviewconnectedcomponentextraction.h; sourceTree = SOURCE_ROOT; };
		8B54C683C9B6D23B4B102A16 /* tnt.h */ = {isa = PBXFileReference; lastKnownFileType = sourcecode.c.h; name = tnt.h; path = pfSkel/TNT/tnt.h; sourceTree = SOURCE_ROOT; };
		8B903392C270C7802A13E7C1 /* algorithmitkbinarythinningimagefilter.h */ = {isa = PBXFileReference; lastKnownFileType = sourcecode.c.h; name = algorithmitkbinarythinningimagefilter.h; path = Model/Algorithm/ITK/algorithmitkbinarythinningimagefilter.h; sourceTree = SOURCE_ROOT; };
		8C0D7EB0D6F60E5C37916806 /* layersthresholdwindow.h */ = {isa = PBXFileReference; lastKnownFileType = sourcecode.c.h; name = layersthresholdwindow.h; path = View/Layer/layersthresholdwindow.h; sourceTree = SOURCE_ROOT; };
		8C3EAFEEE54ECCA97F0BABDC /* tnt_array1d.h */ = {isa = PBXFileReference; lastKnownFileType = sourcecode.c.h; name = tnt_array1d.h; path = pfSkel/TNT/tnt_array1d.h; sourceTree = SOURCE_ROOT; };
		8E05AA159B406D8C80B6A272 /* imagelayerstoolswindow.cpp */ = {isa = PBXFileReference; lastKnownFileType = sourcecode.cpp.cpp; name = imagelayerstoolswindow.cpp; path = View/Layer/imagelayerstoolswindow.cpp; sourceTree = SOURCE_ROOT; };
		968DE89FE6D1053B4379CE4B /* itkgdcmjpeg16-4.9 */ = {isa = PBXFileReference; lastKnownFileType = "compiled.mach-o.dylib"; name = "itkgdcmjpeg16-4.9"; path = "/usr/local/lib/libitkgdcmjpeg16-4.9.dylib"; sourceTree = "<absolute>"; };
		96AC37F342336A271050045B /* potVect.cpp */ = {isa = PBXFileReference; lastKnownFileType = sourcecode.cpp.cpp; name = potVect.cpp; path = pfSkel/PotField/potVect.cpp; sourceTree = SOURCE_ROOT; };
		96C814C6B1A1C789D75331D9 /* algorithmviewitkthreshold.h */ = {isa = PBXFileReference; lastKnownFileType = sourcecode.c.h; name = algorithmviewitkthreshold.h; path = View/Algorithm/ITK/algorithmviewitkthreshold.h; sourceTree = SOURCE_ROOT; };
		9A7D78974DE153C847C968D6 /* itkgdcmIOD-4.9 */ = {isa = PBXFileReference; lastKnownFileType = "compiled.mach-o.dylib"; name = "itkgdcmIOD-4.9"; path = "/usr/local/lib/libitkgdcmIOD-4.9.dylib"; sourceTree = "<absolute>"; };
		9B8485220DE79F7448085323 /* expandVol.h */ = {isa = PBXFileReference; lastKnownFileType = sourcecode.c.h; name = expandVol.h; path = pfSkel/ExpandVol/expandVol.h; sourceTree = SOURCE_ROOT; };
		9D3D3D65ABCBB03413F0DAF2 /* tnt_fortran_array1d.h */ = {isa = PBXFileReference; lastKnownFileType = sourcecode.c.h; name = tnt_fortran_array1d.h; path = pfSkel/TNT/tnt_fortran_array1d.h; sourceTree = SOURCE_ROOT; };
		9F477E514084D767793AF4BB /* moc_opendicomwindow.cpp */ = {isa = PBXFileReference; lastKnownFileType = sourcecode.cpp.cpp; name = moc_opendicomwindow.cpp; path = moc/moc_opendicomwindow.cpp; sourceTree = SOURCE_ROOT; };
		A04FAD00279B013F2E9A390F /* algorithmview.h */ = {isa = PBXFileReference; lastKnownFileType = sourcecode.c.h; name = algorithmview.h; path = View/Algorithm/algorithmview.h; sourceTree = SOURCE_ROOT; };
		A55DAAA895FAE1BB411E0EE3 /* windowingwindow.h */ = {isa = PBXFileReference; lastKnownFileType = sourcecode.c.h; name = windowingwindow.h; path = View/windowingwindow.h; sourceTree = SOURCE_ROOT; };
		AAF04F6AE2F3AFB7EC6BE743 /* QtCore.framework */ = {isa = PBXFileReference; lastKnownFileType = wrapper.framework; name = QtCore.framework; path = /usr/local/Cellar/qt/4.8.7_2/lib/QtCore.framework; sourceTree = "<absolute>"; };
		ABE24E198CC1429CF22D13A6 /* mainwindow.cpp */ = {isa = PBXFileReference; lastKnownFileType = sourcecode.cpp.cpp; name = mainwindow.cpp; path = View/mainwindow.cpp; sourceTree = SOURCE_ROOT; };
		AF28B87B17E2105EDF6395B6 /* dgtaltools.h */ = {isa = PBXFileReference; lastKnownFileType = sourcecode.c.h; name = dgtaltools.h; path = Model/dgtaltools.h; sourceTree = SOURCE_ROOT; };
		B053560356C51657ECCDC065 /* common.h */ = {isa = PBXFileReference; lastKnownFileType = sourcecode.c.h; name = common.h; path = pfSkel/common.h; sourceTree = SOURCE_ROOT; };
		B451F94AC5B52B94A339B711 /* algorithmexception.h */ = {isa = PBXFileReference; lastKnownFileType = sourcecode.c.h; name = algorithmexception.h; path = Model/Algorithm/algorithmexception.h; sourceTree = SOURCE_ROOT; };
		B473F1E9270DD1BF0F855408 /* algorithmitkbinarymorphologicalclosing.h */ = {isa = PBXFileReference; lastKnownFileType = sourcecode.c.h; name = algorithmitkbinarymorphologicalclosing.h; path = Model/Algorithm/ITK/algorithmitkbinarymorphologicalclosing.h; sourceTree = SOURCE_ROOT; };
		B4B1D3A1F42FA62C3267B68C /* jama_qr.h */ = {isa = PBXFileReference; lastKnownFileType = sourcecode.c.h; name = jama_qr.h; path = pfSkel/JAMA/jama_qr.h; sourceTree = SOURCE_ROOT; };
		B6981F6E2CF13BEA9A5888EA /* interval.h */ = {isa = PBXFileReference; lastKnownFileType = sourcecode.c.h; name = interval.h; path = Model/interval.h; sourceTree = SOURCE_ROOT; };
		B97BE03FB1F3D5DDAF1BDF85 /* algorithm.h */ = {isa = PBXFileReference; lastKnownFileType = sourcecode.c.h; name = algorithm.h; path = Model/Algorithm/algorithm.h; sourceTree = SOURCE_ROOT; };
		BC376DD6E4307FA443B4D020 /* algorithmviewitkbinarythinningimagefilter.h */ = {isa = PBXFileReference; lastKnownFileType = sourcecode.c.h; name = algorithmviewitkbinarythinningimagefilter.h; path = View/Algorithm/ITK/algorithmviewitkbinarythinningimagefilter.h; sourceTree = SOURCE_ROOT; };
		BC6CE4EA2E578C710B596BB0 /* algorithmitkdiscretegaussian.h */ = {isa = PBXFileReference; lastKnownFileType = sourcecode.c.h; name = algorithmitkdiscretegaussian.h; path = Model/Algorithm/ITK/algorithmitkdiscretegaussian.h; sourceTree = SOURCE_ROOT; };
		C0C877FF50F756F18B4F66EA /* moc_imagescroll.cpp */ = {isa = PBXFileReference; lastKnownFileType = sourcecode.cpp.cpp; name = moc_imagescroll.cpp; path = moc/moc_imagescroll.cpp; sourceTree = SOURCE_ROOT; };
		C184D2C2F56179243520573A /* potVect.h */ = {isa = PBXFileReference; lastKnownFileType = sourcecode.c.h; name = potVect.h; path = pfSkel/PotField/potVect.h; sourceTree = SOURCE_ROOT; };
		C1ED8C381FDC77CC01716080 /* viewer3d.h */ = {isa = PBXFileReference; lastKnownFileType = sourcecode.c.h; name = viewer3d.h; path = View/viewer3d.h; sourceTree = SOURCE_ROOT; };
		C36B64D1420987BF7A6D9061 /* vertexgraph.cpp */ = {isa = PBXFileReference; lastKnownFileType = sourcecode.cpp.cpp; name = vertexgraph.cpp; path = Model/vertexgraph.cpp; sourceTree = SOURCE_ROOT; };
		C45F4CC6566B6C30B84E2CE4 /* itkgdcmjpeg12-4.9 */ = {isa = PBXFileReference; lastKnownFileType = "compiled.mach-o.dylib"; name = "itkgdcmjpeg12-4.9"; path = "/usr/local/lib/libitkgdcmjpeg12-4.9.dylib"; sourceTree = "<absolute>"; };
		C6766F86E49E9C8701C8E637 /* AGL.framework */ = {isa = PBXFileReference; lastKnownFileType = wrapper.framework; name = AGL.framework; path = /System/Library/Frameworks/AGL.framework; sourceTree = "<absolute>"; };
		C7307608BD642D89288DEDB0 /* expandVol.cpp */ = {isa = PBXFileReference; lastKnownFileType = sourcecode.cpp.cpp; name = expandVol.cpp; path = pfSkel/ExpandVol/expandVol.cpp; sourceTree = SOURCE_ROOT; };
		C81336294E0FBCA6D5FF4A75 /* itksys-4.9 */ = {isa = PBXFileReference; lastKnownFileType = "compiled.mach-o.dylib"; name = "itksys-4.9"; path = "/usr/local/lib/libitksys-4.9.dylib"; sourceTree = "<absolute>"; };
		C882A3E94D49EA81C3DC6948 /* itkv3p_netlib-4.9 */ = {isa = PBXFileReference; lastKnownFileType = "compiled.mach-o.dylib"; name = "itkv3p_netlib-4.9"; path = "/usr/local/lib/libitkv3p_netlib-4.9.dylib"; sourceTree = "<absolute>"; };
		C9582AE86DA2798A12A6CC9B /* itkgdcmuuid-4.9 */ = {isa = PBXFileReference; lastKnownFileType = "compiled.mach-o.dylib"; name = "itkgdcmuuid-4.9"; path = "/usr/local/lib/libitkgdcmuuid-4.9.dylib"; sourceTree = "<absolute>"; };
		CA24662BDE24BA0A5F530A92 /* histogramwindow.h */ = {isa = PBXFileReference; lastKnownFileType = sourcecode.c.h; name = histogramwindow.h; path = View/histogramwindow.h; sourceTree = SOURCE_ROOT; };
		CBA2DC8F777BE926F614F821 /* tnt_fortran_array2d.h */ = {isa = PBXFileReference; lastKnownFileType = sourcecode.c.h; name = tnt_fortran_array2d.h; path = pfSkel/TNT/tnt_fortran_array2d.h; sourceTree = SOURCE_ROOT; };
		CED0C1CF9A10A5DA3D6C5D24 /* pfSkel.h */ = {isa = PBXFileReference; lastKnownFileType = sourcecode.c.h; name = pfSkel.h; path = pfSkel/pfSkel.h; sourceTree = SOURCE_ROOT; };
		D05E2C96983E45C058092B1B /* itkvnl_algo-4.9 */ = {isa = PBXFileReference; lastKnownFileType = "compiled.mach-o.dylib"; name = "itkvnl_algo-4.9"; path = "/usr/local/lib/libitkvnl_algo-4.9.dylib"; sourceTree = "<absolute>"; };
		D0C87D8BC873B05B7558538B /* imagelayerswindow.cpp */ = {isa = PBXFileReference; lastKnownFileType = sourcecode.cpp.cpp; name = imagelayerswindow.cpp; path = View/Layer/imagelayerswindow.cpp; sourceTree = SOURCE_ROOT; };
		D523D53BDD9DF0F8F6FBE29B /* algorithmconnectedcomponentextraction.h */ = {isa = PBXFileReference; lastKnownFileType = sourcecode.c.h; name = algorithmconnectedcomponentextraction.h; path = Model/Algorithm/Adrien/algorithmconnectedcomponentextraction.h; sourceTree = SOURCE_ROOT; };
		D59A4B83ABA76A17278683AF /* HighDiverg.h */ = {isa = PBXFileReference; lastKnownFileType = sourcecode.c.h; name = HighDiverg.h; path = pfSkel/HighDiverg/HighDiverg.h; sourceTree = SOURCE_ROOT; };
		D76DF9A0413B0F9DF82B975C /* ITKIOTIFF-4.9 */ = {isa = PBXFileReference; lastKnownFileType = "compiled.mach-o.dylib"; name = "ITKIOTIFF-4.9"; path = "/usr/local/lib/libITKIOTIFF-4.9.dylib"; sourceTree = "<absolute>"; };
		D9399645AAD2E86FC631EA21 /* tnt_array3d.h */ = {isa = PBXFileReference; lastKnownFileType = sourcecode.c.h; name = tnt_array3d.h; path = pfSkel/TNT/tnt_array3d.h; sourceTree = SOURCE_ROOT; };
		D95BFA875D1490D6A266178C /* tnt_math_utils.h */ = {isa = PBXFileReference; lastKnownFileType = sourcecode.c.h; name = tnt_math_utils.h; path = pfSkel/TNT/tnt_math_utils.h; sourceTree = SOURCE_ROOT; };
		D977DB92C025BE8CCD286419 /* qcustomplot.h */ = {isa = PBXFileReference; lastKnownFileType = sourcecode.c.h; name = qcustomplot.h; path = View/Customplot/qcustomplot.h; sourceTree = SOURCE_ROOT; };
		DA18A6831232F53228631AD1 /* OpenGL.framework */ = {isa = PBXFileReference; lastKnownFileType = wrapper.framework; name = OpenGL.framework; path = /System/Library/Frameworks/OpenGL.framework; sourceTree = "<absolute>"; };
		DA3E01D491E5F82229C68FC3 /* itkgdcmMSFF-4.9 */ = {isa = PBXFileReference; lastKnownFileType = "compiled.mach-o.dylib"; name = "itkgdcmMSFF-4.9"; path = "/usr/local/lib/libitkgdcmMSFF-4.9.dylib"; sourceTree = "<absolute>"; };
		DADD61F8E8AD34CCEE573BDB /* ITKVNLInstantiation-4.9 */ = {isa = PBXFileReference; lastKnownFileType = "compiled.mach-o.dylib"; name = "ITKVNLInstantiation-4.9"; path = "/usr/local/lib/libITKVNLInstantiation-4.9.dylib"; sourceTree = "<absolute>"; };
		DE8B20C0CD6926643C7D96B5 /* algorithmviewitkdiscretegaussian.h */ = {isa = PBXFileReference; lastKnownFileType = sourcecode.c.h; name = algorithmviewitkdiscretegaussian.h; path = View/Algorithm/ITK/algorithmviewitkdiscretegaussian.h; sourceTree = SOURCE_ROOT; };
		E3168926F22FBC450AC65484 /* common.cpp */ = {isa = PBXFileReference; lastKnownFileType = sourcecode.cpp.cpp; name = common.cpp; path = pfSkel/common.cpp; sourceTree = SOURCE_ROOT; };
		E465A90B404C278D79471FA3 /* algorithmitkbinarythreshold.h */ = {isa = PBXFileReference; lastKnownFileType = sourcecode.c.h; name = algorithmitkbinarythreshold.h; path = Model/Algorithm/ITK/algorithmitkbinarythreshold.h; sourceTree = SOURCE_ROOT; };
		EBAA66AD432954BF59A376C2 /* tnt_version.h */ = {isa = PBXFileReference; lastKnownFileType = sourcecode.c.h; name = tnt_version.h; path = pfSkel/TNT/tnt_version.h; sourceTree = SOURCE_ROOT; };
		EBFB0839C8AEE93FADF07A13 /* QtGui.framework */ = {isa = PBXFileReference; lastKnownFileType = wrapper.framework; name = QtGui.framework; path = /usr/local/Cellar/qt/4.8.7_2/lib/QtGui.framework; sourceTree = "<absolute>"; };
		EC1BDBAD5513B63B4FAEBFBF /* pfSkel.cpp */ = {isa = PBXFileReference; lastKnownFileType = sourcecode.cpp.cpp; name = pfSkel.cpp; path = pfSkel/pfSkel.cpp; sourceTree = SOURCE_ROOT; };
		ECA71B31E766629AD62C6BAE /* ITKIOGDCM-4.9 */ = {isa = PBXFileReference; lastKnownFileType = "compiled.mach-o.dylib"; name = "ITKIOGDCM-4.9"; path = "/usr/local/lib/libITKIOGDCM-4.9.dylib"; sourceTree = "<absolute>"; };
		ED08B4122949B8C36ACF8A3A /* jama_eig.h */ = {isa = PBXFileReference; lastKnownFileType = sourcecode.c.h; name = jama_eig.h; path = pfSkel/JAMA/jama_eig.h; sourceTree = SOURCE_ROOT; };
		EE6DF74797B345173BBB8E31 /* moc_imagelayerswindow.cpp */ = {isa = PBXFileReference; lastKnownFileType = sourcecode.cpp.cpp; name = moc_imagelayerswindow.cpp; path = moc/moc_imagelayerswindow.cpp; sourceTree = SOURCE_ROOT; };
		EE7039110043042010418496 /* tnt_array1d_utils.h */ = {isa = PBXFileReference; lastKnownFileType = sourcecode.c.h; name = tnt_array1d_utils.h; path = pfSkel/TNT/tnt_array1d_utils.h; sourceTree = SOURCE_ROOT; };
		F0B0D19FE49F91D4ADC13D5E /* QtOpenGL.framework */ = {isa = PBXFileReference; lastKnownFileType = wrapper.framework; name = QtOpenGL.framework; path = /usr/local/Cellar/qt/4.8.7_2/lib/QtOpenGL.framework; sourceTree = "<absolute>"; };
		F1E1A331EE1F716140E58A81 /* moc_imagelayerstoolswindow.cpp */ = {isa = PBXFileReference; lastKnownFileType = sourcecode.cpp.cpp; name = moc_imagelayerstoolswindow.cpp; path = moc/moc_imagelayerstoolswindow.cpp; sourceTree = SOURCE_ROOT; };
		F3126EABAAF5CEC90D2ADE43 /* jama_svd.h */ = {isa = PBXFileReference; lastKnownFileType = sourcecode.c.h; name = jama_svd.h; path = pfSkel/JAMA/jama_svd.h; sourceTree = SOURCE_ROOT; };
		F38A46AB5AD41C75A4063725 /* imagelayersviewer3dwindow.cpp */ = {isa = PBXFileReference; lastKnownFileType = sourcecode.cpp.cpp; name = imagelayersviewer3dwindow.cpp; path = View/Layer/imagelayersviewer3dwindow.cpp; sourceTree = SOURCE_ROOT; };
		F45D5180AF83100288C38C55 /* itktools.h */ = {isa = PBXFileReference; lastKnownFileType = sourcecode.c.h; name = itktools.h; path = Model/itktools.h; sourceTree = SOURCE_ROOT; };
		F6D64669B1B49984AAF8BF93 /* mainwindow.h */ = {isa = PBXFileReference; lastKnownFileType = sourcecode.c.h; name = mainwindow.h; path = View/mainwindow.h; sourceTree = SOURCE_ROOT; };
		FC785910F12B2DAB6FF7A529 /* tnt_vec.h */ = {isa = PBXFileReference; lastKnownFileType = sourcecode.c.h; name = tnt_vec.h; path = pfSkel/TNT/tnt_vec.h; sourceTree = SOURCE_ROOT; };
		FC9FB2246881D3BE9A0844BF /* QtXml.framework */ = {isa = PBXFileReference; lastKnownFileType = wrapper.framework; name = QtXml.framework; path = /usr/local/Cellar/qt/4.8.7_2/lib/QtXml.framework; sourceTree = "<absolute>"; };
		FCB2D08C33B02B4AD9EFC34D /* zoomer.h */ = {isa = PBXFileReference; lastKnownFileType = sourcecode.c.h; name = zoomer.h; path = Model/zoomer.h; sourceTree = SOURCE_ROOT; };
		FDF8FC748C6D6F2F55A2C636 /* algorithmviewitkconnectedcomponent.h */ = {isa = PBXFileReference; lastKnownFileType = sourcecode.c.h; name = algorithmviewitkconnectedcomponent.h; path = View/Algorithm/ITK/algorithmviewitkconnectedcomponent.h; sourceTree = SOURCE_ROOT; };
		FF233F81E32902C5F023C3C5 /* layersthresholdwindow.cpp */ = {isa = PBXFileReference; lastKnownFileType = sourcecode.cpp.cpp; name = layersthresholdwindow.cpp; path = View/Layer/layersthresholdwindow.cpp; sourceTree = SOURCE_ROOT; };
/* End PBXFileReference section */

/* Begin PBXFrameworksBuildPhase section */
		2A1043669E6E5A7426EA502A /* Frameworks & Libraries */ = {
			isa = PBXFrameworksBuildPhase;
			buildActionMask = 2147483647;
			files = (
				67952B314B7D9583EE8B8013 /* armadillo in Frameworks & Libraries */,
				0C2A29BD59F7A313EBD6E601 /* ITKIOGDCM-4.9 in Frameworks & Libraries */,
				CDB109E88C692DC5FE01A509 /* itkgdcmDICT-4.9 in Frameworks & Libraries */,
				E942D1CA640012A2C21709DD /* itkgdcmMSFF-4.9 in Frameworks & Libraries */,
				7F2A8B1B5C65947396D7A6A4 /* itkgdcmIOD-4.9 in Frameworks & Libraries */,
				8C0C0B31354ACE9B4FBEF457 /* itkgdcmDSED-4.9 in Frameworks & Libraries */,
				F1295EAF613002D64A2431B3 /* itkgdcmCommon-4.9 in Frameworks & Libraries */,
				486D075DE23F37D9CB8CF5B2 /* itkgdcmuuid-4.9 in Frameworks & Libraries */,
				96FA7F45B101DEFED2E4E0F1 /* itkopenjpeg-4.9 in Frameworks & Libraries */,
				3E2C77F982F4328C218A9573 /* itkgdcmjpeg12-4.9 in Frameworks & Libraries */,
				B93844F462391133A23709DF /* itkgdcmjpeg16-4.9 in Frameworks & Libraries */,
				DBA8F69946E4CE8C43A5C6F8 /* itkgdcmjpeg8-4.9 in Frameworks & Libraries */,
				1F9A8B9CE0E43A48FE7A1402 /* ITKIOImageBase-4.9 in Frameworks & Libraries */,
				6A8D8EB72234BC3C4EDEE47E /* ITKCommon-4.9 in Frameworks & Libraries */,
				3AAEE341F8B46CA267AD9FCB /* itksys-4.9 in Frameworks & Libraries */,
				0CE16405DFA64B6DDAA20E65 /* itkvnl_algo-4.9 in Frameworks & Libraries */,
				BE67B48D00F91AA88258976A /* itkv3p_netlib-4.9 in Frameworks & Libraries */,
				430ADFF71EE969BACCB6FA9A /* itkvnl-4.9 in Frameworks & Libraries */,
				69EB2E05AEEB072CF4FFA11E /* ITKIOTIFF-4.9 in Frameworks & Libraries */,
				E433BB9A3895206B2CD136F5 /* ITKVNLInstantiation-4.9 in Frameworks & Libraries */,
				D7FCE528845FB0671745A70B /* ITKLabelMap-4.9 in Frameworks & Libraries */,
				CB8CBED17C6023D32F4F9AF8 /* ITKStatistics-4.9 in Frameworks & Libraries */,
				5861E97ABC3370CECB343E7F /* itkdouble-conversion-4.9 in Frameworks & Libraries */,
				B593419BA26CDBA9E8009556 /* QGLViewer.framework in Frameworks & Libraries */,
				DAF263F8EAAAEAFAD31DA3BC /* DGtal in Frameworks & Libraries */,
				BDFF6C44F84063596B9D7CCC /* emon in Frameworks & Libraries */,
				BCEF71E1EDFB18DA77DC750B /* OpenGL.framework in Frameworks & Libraries */,
				0C6D4628EE0B0D1479A20551 /* AGL.framework in Frameworks & Libraries */,
				B3837C27FA7F125C4BDA1C6C /* QtXml.framework in Frameworks & Libraries */,
				F0D1675FCAD946C99A4D1729 /* QtCore.framework in Frameworks & Libraries */,
				C0931D14FDA3006184B9B2F9 /* QtOpenGL.framework in Frameworks & Libraries */,
				C8F72BFE1C608B515B6E8E1C /* QtGui.framework in Frameworks & Libraries */,
			);
			name = "Frameworks & Libraries";
			runOnlyForDeploymentPostprocessing = 0;
		};
/* End PBXFrameworksBuildPhase section */

/* Begin PBXGroup section */
		05596AB53D8D521C69802C27 /* OS3D */ = {
			isa = PBXGroup;
			children = (
				FB61758D0F0FDA4BA867C3D5 /* Sources */,
				46E892BBB6BB6952967E0561 /* Temporary Sources */,
				883D7615C4D2DE3FA1218F12 /* Headers */,
				7CABE3C80E79AD2B307756D2 /* Sources [qmake] */,
				ED1E82605DD74B483AF3C982 /* External Frameworks and Libraries */,
				62384BB31C870E1B007CA2AF /* Products */,
			);
			name = OS3D;
			sourceTree = "<Group>";
		};
		0B1AAB05A8BB3E567B493C2B /* Spanslider */ = {
			isa = PBXGroup;
			children = (
				29109ECAD2F85AD639BAD2BA /* qxtglobal.h */,
				78E826CDB624BC891005D851 /* qxtspanslider.h */,
				2B2F602DFA9259F6ED55328D /* qxtspanslider_p.h */,
			);
			name = Spanslider;
			sourceTree = "<Group>";
		};
		129800C70E3030C21A24437C /* Layer */ = {
			isa = PBXGroup;
			children = (
				1EC120100540FE3B57CDA513 /* imagelayerswindow.h */,
				8C0D7EB0D6F60E5C37916806 /* layersthresholdwindow.h */,
				17EEC6467FFA3CC697FED515 /* imagelayerstoolswindow.h */,
				3D2BEB7BA54ED1F0E7297960 /* imagelayersviewer3dwindow.h */,
			);
			name = Layer;
			sourceTree = "<Group>";
		};
		136BB33AA251EC0C29F33968 /* Algorithm */ = {
			isa = PBXGroup;
			children = (
				779ED6AB7FF01071A0AE0E43 /* algorithmexception.cpp */,
			);
			name = Algorithm;
			sourceTree = "<Group>";
		};
		198F590C93BDB8DF52CC1017 /* moc */ = {
			isa = PBXGroup;
			children = (
				62A6239CBA3F41658F8E62B0 /* moc_zoomer.cpp */,
				76B050FA7131DB940B00B7FB /* moc_mainwindow.cpp */,
				C0C877FF50F756F18B4F66EA /* moc_imagescroll.cpp */,
				9F477E514084D767793AF4BB /* moc_opendicomwindow.cpp */,
				2B936E6C4042ACC43171F78D /* moc_windowingwindow.cpp */,
				EE6DF74797B345173BBB8E31 /* moc_imagelayerswindow.cpp */,
				5DCED85B6754C92EA15C33E9 /* moc_layersthresholdwindow.cpp */,
				F1E1A331EE1F716140E58A81 /* moc_imagelayerstoolswindow.cpp */,
				28499AABD80169E6C7DD2D34 /* moc_imagelayersviewer3dwindow.cpp */,
				4D4B5E9C1BCECB707C239B8E /* moc_algorithmswindow.cpp */,
				75D447C1E705CBAE45F04B09 /* moc_qcustomplot.cpp */,
				7504895626CCF461A989CCD5 /* moc_qxtspanslider.cpp */,
				27544B934E44CA97C64E0522 /* moc_qxtspanslider_p.cpp */,
			);
			name = moc;
			sourceTree = "<Group>";
		};
		27A6891D04948AE892D4800B /* StreamLn */ = {
			isa = PBXGroup;
			children = (
				44CE3F6634828D4F429FA05C /* StreamLn.cpp */,
			);
			name = StreamLn;
			sourceTree = "<Group>";
		};
		46E892BBB6BB6952967E0561 /* Temporary Sources */ = {
			isa = PBXGroup;
			children = (
				198F590C93BDB8DF52CC1017 /* moc */,
			);
			name = "Temporary Sources";
			sourceTree = "<Group>";
		};
		4A92CE8238D24B364FAD919B /* ExpandVol */ = {
			isa = PBXGroup;
			children = (
				C7307608BD642D89288DEDB0 /* expandVol.cpp */,
			);
			name = ExpandVol;
			sourceTree = "<Group>";
		};
		4C6669B0D8294F73FD88924A /* CritPts */ = {
			isa = PBXGroup;
			children = (
				06C7DF751F481DF8B67951D9 /* CritPts.cpp */,
			);
			name = CritPts;
			sourceTree = "<Group>";
		};
		600F07349D4C0E2A2CB00244 /* Layer */ = {
			isa = PBXGroup;
			children = (
				D0C87D8BC873B05B7558538B /* imagelayerswindow.cpp */,
				FF233F81E32902C5F023C3C5 /* layersthresholdwindow.cpp */,
				8E05AA159B406D8C80B6A272 /* imagelayerstoolswindow.cpp */,
				F38A46AB5AD41C75A4063725 /* imagelayersviewer3dwindow.cpp */,
			);
			name = Layer;
			sourceTree = "<Group>";
		};
		62384BB31C870E1B007CA2AF /* Products */ = {
			isa = PBXGroup;
			children = (
				62384BB21C870E1B007CA2AF /* OS3D.app */,
			);
			name = Products;
			sourceTree = "<group>";
		};
		64EFB753D8F7E4A65007DE92 /* View */ = {
			isa = PBXGroup;
			children = (
				ABE24E198CC1429CF22D13A6 /* mainwindow.cpp */,
				4D4F926D05650E58116E8E66 /* imagescroll.cpp */,
				86DCD36B10F98F297407872B /* opendicomwindow.cpp */,
				71C91A037B067EDD3F9F65E0 /* histogramwindow.cpp */,
				29479FA0406F7E8AAD5B66F1 /* windowingwindow.cpp */,
				600F07349D4C0E2A2CB00244 /* Layer */,
				8DD0E739F3E9C7165E470FCF /* Algorithm */,
				81AD4A9CB8507A9513370981 /* Customplot */,
				E9763E12DB816B0D631DB2E6 /* Spanslider */,
				7192620114D54B83CD61F0C3 /* viewer3d.cpp */,
				139DD269B7B103157191C310 /* skeletonview.cpp */,
				623AE337AE48E774E554CABB /* skeletongraphview.cpp */,
			);
			name = View;
			sourceTree = "<Group>";
		};
		662644A0A1E8F0E716131175 /* CritPts */ = {
			isa = PBXGroup;
			children = (
				756EE42F5C0AA5E5E3A464A4 /* CritPts.h */,
			);
			name = CritPts;
			sourceTree = "<Group>";
		};
		6762AC3DDE1A53AA30D6B203 /* TNT */ = {
			isa = PBXGroup;
			children = (
				8B54C683C9B6D23B4B102A16 /* tnt.h */,
				8C3EAFEEE54ECCA97F0BABDC /* tnt_array1d.h */,
				EE7039110043042010418496 /* tnt_array1d_utils.h */,
				547D249B0ADF0D354CF9D18B /* tnt_array2d.h */,
				5F3FD8E04BAAC53217FEE231 /* tnt_array2d_utils.h */,
				D9399645AAD2E86FC631EA21 /* tnt_array3d.h */,
				5F8A3196FA51A9354F48965A /* tnt_array3d_utils.h */,
				4C41497DF45C6461EC06D89E /* tnt_cmat.h */,
				9D3D3D65ABCBB03413F0DAF2 /* tnt_fortran_array1d.h */,
				630E3901613EA1165700814A /* tnt_fortran_array1d_utils.h */,
				CBA2DC8F777BE926F614F821 /* tnt_fortran_array2d.h */,
				6A79BA213C4F3ADECA1400DB /* tnt_fortran_array2d_utils.h */,
				3108355597B7EDEA8E61B440 /* tnt_fortran_array3d.h */,
				219C7C4611A4B3AE09634DD9 /* tnt_fortran_array3d_utils.h */,
				11B8C48E7FF9065E51480F00 /* tnt_i_refvec.h */,
				D95BFA875D1490D6A266178C /* tnt_math_utils.h */,
				3CDDEFC5FA85ADA66B08E3C4 /* tnt_sparse_matrix_csr.h */,
				04C30F0F8BA6B487ED6CE681 /* tnt_stopwatch.h */,
				1C7EF9E357FA90C4F4BA95FF /* tnt_subscript.h */,
				FC785910F12B2DAB6FF7A529 /* tnt_vec.h */,
				EBAA66AD432954BF59A376C2 /* tnt_version.h */,
			);
			name = TNT;
			sourceTree = "<Group>";
		};
		704780F0CB61E6D9DEFC3803 /* DGtal */ = {
			isa = PBXGroup;
			children = (
				70B6782613959B9063B5F662 /* algorithmdgtal.h */,
				82BB2419E1F6DC2FE1FAC584 /* algorithmdgtaldistancetransformation.h */,
			);
			name = DGtal;
			sourceTree = "<Group>";
		};
		72626BC76F305C742EB19CE3 /* pfSkel */ = {
			isa = PBXGroup;
			children = (
				B053560356C51657ECCDC065 /* common.h */,
				CED0C1CF9A10A5DA3D6C5D24 /* pfSkel.h */,
				662644A0A1E8F0E716131175 /* CritPts */,
				E1EDC04A317E3FEA57E5682A /* ExpandVol */,
				A459A44C81F319B18A6E258E /* HighDiverg */,
				9D9B7CAB0758DA235A109E8F /* JAMA */,
				D30D6ADBCE85C78DA0EB3BD9 /* MakeSolidVol */,
				7CFAEE617B2B4146DC23EE89 /* PotField */,
				8069FBBD2F368C212FCDB5E9 /* StreamLn */,
				6762AC3DDE1A53AA30D6B203 /* TNT */,
			);
			name = pfSkel;
			sourceTree = "<Group>";
		};
		7633FDC9DAB2CBFB643E1B2E /* Customplot */ = {
			isa = PBXGroup;
			children = (
				D977DB92C025BE8CCD286419 /* qcustomplot.h */,
			);
			name = Customplot;
			sourceTree = "<Group>";
		};
		7CABE3C80E79AD2B307756D2 /* Sources [qmake] */ = {
			isa = PBXGroup;
			children = (
				24E815C1AFF0F38E450F385A /* OS3D.pro */,
			);
			name = "Sources [qmake]";
			sourceTree = "<Group>";
		};
		7CFAEE617B2B4146DC23EE89 /* PotField */ = {
			isa = PBXGroup;
			children = (
				C184D2C2F56179243520573A /* potVect.h */,
			);
			name = PotField;
			sourceTree = "<Group>";
		};
		7E73C0B9072A4035BB8EF5F3 /* View */ = {
			isa = PBXGroup;
			children = (
				F6D64669B1B49984AAF8BF93 /* mainwindow.h */,
				6B7EF948A44F94CA7A7D659A /* imagescroll.h */,
				3D6EBDB104A342B0BF6FBF98 /* opendicomwindow.h */,
				CA24662BDE24BA0A5F530A92 /* histogramwindow.h */,
				A55DAAA895FAE1BB411E0EE3 /* windowingwindow.h */,
				129800C70E3030C21A24437C /* Layer */,
				C13F1D4CDE8B9AF293A7F38F /* Algorithm */,
				7633FDC9DAB2CBFB643E1B2E /* Customplot */,
				0B1AAB05A8BB3E567B493C2B /* Spanslider */,
				C1ED8C381FDC77CC01716080 /* viewer3d.h */,
				6FD0909BB181112D4761492E /* skeletonview.h */,
				08B7260A15662CDBA603DDBE /* skeletongraphview.h */,
			);
			name = View;
			sourceTree = "<Group>";
		};
		8069FBBD2F368C212FCDB5E9 /* StreamLn */ = {
			isa = PBXGroup;
			children = (
				536A79F8859514CC8FA45D0B /* StreamLn.h */,
			);
			name = StreamLn;
			sourceTree = "<Group>";
		};
		808618C811C6C7E399801C87 /* Algorithm */ = {
			isa = PBXGroup;
			children = (
				B451F94AC5B52B94A339B711 /* algorithmexception.h */,
				B97BE03FB1F3D5DDAF1BDF85 /* algorithm.h */,
				A1276D8E85FAA0AEEC7A4AA7 /* ITK */,
				8B32803561FAD5ADB0359E8B /* Adrien */,
				704780F0CB61E6D9DEFC3803 /* DGtal */,
			);
			name = Algorithm;
			sourceTree = "<Group>";
		};
		81AD4A9CB8507A9513370981 /* Customplot */ = {
			isa = PBXGroup;
			children = (
				4494967B524896AEFBC2138C /* qcustomplot.cpp */,
			);
			name = Customplot;
			sourceTree = "<Group>";
		};
		883D7615C4D2DE3FA1218F12 /* Headers */ = {
			isa = PBXGroup;
			children = (
				7280D66A7F233311DB02BFA9 /* deftypes.h */,
				CE7D18103FCEC949C892D5B2 /* Model */,
				7E73C0B9072A4035BB8EF5F3 /* View */,
				72626BC76F305C742EB19CE3 /* pfSkel */,
			);
			name = Headers;
			sourceTree = "<Group>";
		};
		8B32803561FAD5ADB0359E8B /* Adrien */ = {
			isa = PBXGroup;
			children = (
				D523D53BDD9DF0F8F6FBE29B /* algorithmconnectedcomponentextraction.h */,
			);
			name = Adrien;
			sourceTree = "<Group>";
		};
		8DD0E739F3E9C7165E470FCF /* Algorithm */ = {
			isa = PBXGroup;
			children = (
				1E273AA21B10FDF48CA4DC3E /* algorithmswindow.cpp */,
			);
			name = Algorithm;
			sourceTree = "<Group>";
		};
		9D9B7CAB0758DA235A109E8F /* JAMA */ = {
			isa = PBXGroup;
			children = (
				7FED60B42382DDA264BE30A4 /* jama_cholesky.h */,
				ED08B4122949B8C36ACF8A3A /* jama_eig.h */,
				7B0BE302F3AA68521CF7C54B /* jama_lu.h */,
				B4B1D3A1F42FA62C3267B68C /* jama_qr.h */,
				F3126EABAAF5CEC90D2ADE43 /* jama_svd.h */,
			);
			name = JAMA;
			sourceTree = "<Group>";
		};
		9DDCC2E219A9370094BAD9AD /* Adrien */ = {
			isa = PBXGroup;
			children = (
				8AB7C9672170EC88540BBCF8 /* algorithmviewconnectedcomponentextraction.h */,
			);
			name = Adrien;
			sourceTree = "<Group>";
		};
		A1276D8E85FAA0AEEC7A4AA7 /* ITK */ = {
			isa = PBXGroup;
			children = (
				3B3B55AE604C5E6DAD9D1FCC /* algorithmitk.h */,
				BC6CE4EA2E578C710B596BB0 /* algorithmitkdiscretegaussian.h */,
				E465A90B404C278D79471FA3 /* algorithmitkbinarythreshold.h */,
				550DACB1AC064FE6ED50A38E /* algorithmitkthreshold.h */,
				1418155C90BDF9AC89003DE0 /* algorithmitkconnectedcomponent.h */,
				863C6A76FB81AAC33F94F929 /* algorithmitklabelshapekeepnobjects.h */,
				B473F1E9270DD1BF0F855408 /* algorithmitkbinarymorphologicalclosing.h */,
				8B903392C270C7802A13E7C1 /* algorithmitkbinarythinningimagefilter.h */,
			);
			name = ITK;
			sourceTree = "<Group>";
		};
		A1802C3490E7CB4DD93215BD /* pfSkel */ = {
			isa = PBXGroup;
			children = (
				E3168926F22FBC450AC65484 /* common.cpp */,
				EC1BDBAD5513B63B4FAEBFBF /* pfSkel.cpp */,
				4C6669B0D8294F73FD88924A /* CritPts */,
				4A92CE8238D24B364FAD919B /* ExpandVol */,
				B27FAD5BB7FDA6F89B756079 /* HighDiverg */,
				CD65516BE2F615FEBF88A7A5 /* MakeSolidVol */,
				F554F4C54770D8FB83767270 /* PotField */,
				27A6891D04948AE892D4800B /* StreamLn */,
			);
			name = pfSkel;
			sourceTree = "<Group>";
		};
		A459A44C81F319B18A6E258E /* HighDiverg */ = {
			isa = PBXGroup;
			children = (
				D59A4B83ABA76A17278683AF /* HighDiverg.h */,
			);
			name = HighDiverg;
			sourceTree = "<Group>";
		};
		A635E460D6A5A997EC0CB466 /* DGtal */ = {
			isa = PBXGroup;
			children = (
				41E707073ADD036C05348B05 /* algorithmviewdgtaldistancetransformation.h */,
			);
			name = DGtal;
			sourceTree = "<Group>";
		};
		B27FAD5BB7FDA6F89B756079 /* HighDiverg */ = {
			isa = PBXGroup;
			children = (
				06D4CF8C3BA845C2E5988EAA /* HighDiverg.cpp */,
			);
			name = HighDiverg;
			sourceTree = "<Group>";
		};
		C13F1D4CDE8B9AF293A7F38F /* Algorithm */ = {
			isa = PBXGroup;
			children = (
				2C89E8DAC4DCAB27712B0057 /* algorithmswindow.h */,
				A04FAD00279B013F2E9A390F /* algorithmview.h */,
				F8278C0C956AB3A6415B955B /* ITK */,
				9DDCC2E219A9370094BAD9AD /* Adrien */,
				A635E460D6A5A997EC0CB466 /* DGtal */,
			);
			name = Algorithm;
			sourceTree = "<Group>";
		};
		CD65516BE2F615FEBF88A7A5 /* MakeSolidVol */ = {
			isa = PBXGroup;
			children = (
				1C3293FF227C33900A7C5BB2 /* makeSolidVol.cpp */,
			);
			name = MakeSolidVol;
			sourceTree = "<Group>";
		};
		CE7D18103FCEC949C892D5B2 /* Model */ = {
			isa = PBXGroup;
			children = (
				FCB2D08C33B02B4AD9EFC34D /* zoomer.h */,
				113D4BEF6F9F021EF4FA9D40 /* image3D.h */,
				F45D5180AF83100288C38C55 /* itktools.h */,
				AF28B87B17E2105EDF6395B6 /* dgtaltools.h */,
				B6981F6E2CF13BEA9A5888EA /* interval.h */,
				F0B76D22F67C8669411CCAFE /* Layer */,
				808618C811C6C7E399801C87 /* Algorithm */,
				4DFA3E5E876B192EE1FC231A /* skeletonmodel.h */,
				73017DB159F9D096DD63CD5F /* skeletongraph.h */,
				1BDA827931775914FB5D27BC /* vertexgraph.h */,
				65CC7FE0D5B4CE507B1D0DAB /* edgegraph.h */,
			);
			name = Model;
			sourceTree = "<Group>";
		};
		D1BB68826E835F3EF0BF75E6 /* Layer */ = {
			isa = PBXGroup;
			children = (
				7009D5E092B5C102DBA06A12 /* imagelayer.cpp */,
			);
			name = Layer;
			sourceTree = "<Group>";
		};
		D30D6ADBCE85C78DA0EB3BD9 /* MakeSolidVol */ = {
			isa = PBXGroup;
			children = (
				34371A7C118E90CC4D95CAFD /* makeSolidVol.h */,
			);
			name = MakeSolidVol;
			sourceTree = "<Group>";
		};
		E1EDC04A317E3FEA57E5682A /* ExpandVol */ = {
			isa = PBXGroup;
			children = (
				9B8485220DE79F7448085323 /* expandVol.h */,
			);
			name = ExpandVol;
			sourceTree = "<Group>";
		};
		E9763E12DB816B0D631DB2E6 /* Spanslider */ = {
			isa = PBXGroup;
			children = (
				246E403CA8C2FBDD7E20F677 /* qxtspanslider.cpp */,
			);
			name = Spanslider;
			sourceTree = "<Group>";
		};
		ED1E82605DD74B483AF3C982 /* External Frameworks and Libraries */ = {
			isa = PBXGroup;
			children = (
				30489805B58032296538E0C2 /* armadillo */,
				ECA71B31E766629AD62C6BAE /* ITKIOGDCM-4.9 */,
				85A4B705B03E25965643CAEB /* itkgdcmDICT-4.9 */,
				DA3E01D491E5F82229C68FC3 /* itkgdcmMSFF-4.9 */,
				9A7D78974DE153C847C968D6 /* itkgdcmIOD-4.9 */,
				46DE81DEC25743D8DE4039A3 /* itkgdcmDSED-4.9 */,
				14F7D8393C9D81A6B68A6369 /* itkgdcmCommon-4.9 */,
				C9582AE86DA2798A12A6CC9B /* itkgdcmuuid-4.9 */,
				4474F5B96D04ED68B9736082 /* itkopenjpeg-4.9 */,
				C45F4CC6566B6C30B84E2CE4 /* itkgdcmjpeg12-4.9 */,
				968DE89FE6D1053B4379CE4B /* itkgdcmjpeg16-4.9 */,
				288EAB282AB9F4A745FE6AC3 /* itkgdcmjpeg8-4.9 */,
				7D327FEA51C77FD8C4A192DD /* ITKIOImageBase-4.9 */,
				2AF51755B5944379FDFDB30C /* ITKCommon-4.9 */,
				C81336294E0FBCA6D5FF4A75 /* itksys-4.9 */,
				D05E2C96983E45C058092B1B /* itkvnl_algo-4.9 */,
				C882A3E94D49EA81C3DC6948 /* itkv3p_netlib-4.9 */,
				69AFC84464849BDA994955FF /* itkvnl-4.9 */,
				D76DF9A0413B0F9DF82B975C /* ITKIOTIFF-4.9 */,
				DADD61F8E8AD34CCEE573BDB /* ITKVNLInstantiation-4.9 */,
				02327B15E5B7E9B4B53E0DEB /* ITKLabelMap-4.9 */,
				64C8A6D1E60BB6DC726A8E8C /* ITKStatistics-4.9 */,
				0936BF17B5A5222011260200 /* itkdouble-conversion-4.9 */,
				3F67DE4C748ECDD60928597E /* QGLViewer.framework */,
				6AE45FD26BD7306A8E4AB0ED /* DGtal */,
				248468482523817A07BA1EF6 /* emon */,
				DA18A6831232F53228631AD1 /* OpenGL.framework */,
				C6766F86E49E9C8701C8E637 /* AGL.framework */,
				FC9FB2246881D3BE9A0844BF /* QtXml.framework */,
				AAF04F6AE2F3AFB7EC6BE743 /* QtCore.framework */,
				F0B0D19FE49F91D4ADC13D5E /* QtOpenGL.framework */,
				EBFB0839C8AEE93FADF07A13 /* QtGui.framework */,
			);
			name = "External Frameworks and Libraries";
			sourceTree = "<Group>";
		};
		F0B76D22F67C8669411CCAFE /* Layer */ = {
			isa = PBXGroup;
			children = (
				1E7CE01317DA7BAEA310A538 /* imagelayer.h */,
			);
			name = Layer;
			sourceTree = "<Group>";
		};
		F554F4C54770D8FB83767270 /* PotField */ = {
			isa = PBXGroup;
			children = (
				96AC37F342336A271050045B /* potVect.cpp */,
			);
			name = PotField;
			sourceTree = "<Group>";
		};
		F8278C0C956AB3A6415B955B /* ITK */ = {
			isa = PBXGroup;
			children = (
				DE8B20C0CD6926643C7D96B5 /* algorithmviewitkdiscretegaussian.h */,
				149501EE137780C023A135E1 /* algorithmviewitkbinarythreshold.h */,
				96C814C6B1A1C789D75331D9 /* algorithmviewitkthreshold.h */,
				FDF8FC748C6D6F2F55A2C636 /* algorithmviewitkconnectedcomponent.h */,
				2B7A1B3803EA4E5C3137A148 /* algorithmviewitklabelshapekeepnobjects.h */,
				7726A8DB5E374ADB6B02F02C /* algorithmviewitkbinarymorphologicalclosing.h */,
				BC376DD6E4307FA443B4D020 /* algorithmviewitkbinarythinningimagefilter.h */,
			);
			name = ITK;
			sourceTree = "<Group>";
		};
		FA459C3935645791E4094632 /* Model */ = {
			isa = PBXGroup;
			children = (
				37A43B760A9DFDE6AB98AAE8 /* zoomer.cpp */,
				D1BB68826E835F3EF0BF75E6 /* Layer */,
				136BB33AA251EC0C29F33968 /* Algorithm */,
				88C04191F16001867D58CE32 /* skeletonmodel.cpp */,
				79E1C1CCBE29B05D501AE98E /* skeletongraph.cpp */,
				C36B64D1420987BF7A6D9061 /* vertexgraph.cpp */,
				412F81035E9D345023B71487 /* edgegraph.cpp */,
			);
			name = Model;
			sourceTree = "<Group>";
		};
		FB61758D0F0FDA4BA867C3D5 /* Sources */ = {
			isa = PBXGroup;
			children = (
				118FCBAABA162BA17933C789 /* main.cpp */,
				FA459C3935645791E4094632 /* Model */,
				64EFB753D8F7E4A65007DE92 /* View */,
				A1802C3490E7CB4DD93215BD /* pfSkel */,
			);
			name = Sources;
			sourceTree = "<Group>";
		};
/* End PBXGroup section */

/* Begin PBXNativeTarget section */
		B444848BEF4B1EB13FF088C5 /* OS3D */ = {
			isa = PBXNativeTarget;
			buildConfigurationList = 17B3380A4D6A7D415E7F2E1E /* Build configuration list for PBXNativeTarget "OS3D" */;
			buildPhases = (
				D7BA7D76DAB5DD13389D6332 /* Qt Qmake */,
				A0A52A2ADF7A1E2A99738674 /* Qt Preprocessors */,
				C29B8785722055ED95EF7B57 /* Build Sources */,
				2A1043669E6E5A7426EA502A /* Frameworks & Libraries */,
				3787F99312C85FF0073FD7BA /* Bundle Resources */,
			);
			buildRules = (
			);
			dependencies = (
			);
			name = OS3D;
			productName = OS3D;
			productReference = 62384BB21C870E1B007CA2AF /* OS3D.app */;
			productType = "com.apple.product-type.application";
		};
/* End PBXNativeTarget section */

/* Begin PBXProject section */
		91B15E841AA80083484172DE /* Project object */ = {
			isa = PBXProject;
			attributes = {
			};
			buildConfigurationList = CC82A9286117DFED018F418F /* Build configuration list for PBXProject "OS3D" */;
			compatibilityVersion = "Xcode 2.4";
			developmentRegion = English;
			hasScannedForEncodings = 1;
			knownRegions = (
				en,
			);
			mainGroup = 05596AB53D8D521C69802C27 /* OS3D */;
			productRefGroup = 62384BB31C870E1B007CA2AF /* Products */;
			projectDirPath = "";
			projectRoot = "";
			targets = (
				B444848BEF4B1EB13FF088C5 /* OS3D */,
			);
		};
/* End PBXProject section */

/* Begin PBXResourcesBuildPhase section */
		3787F99312C85FF0073FD7BA /* Bundle Resources */ = {
			isa = PBXResourcesBuildPhase;
			buildActionMask = 2147483647;
			files = (
			);
			name = "Bundle Resources";
			runOnlyForDeploymentPostprocessing = 0;
		};
/* End PBXResourcesBuildPhase section */

/* Begin PBXShellScriptBuildPhase section */
		A0A52A2ADF7A1E2A99738674 /* Qt Preprocessors */ = {
			isa = PBXShellScriptBuildPhase;
			buildActionMask = 2147483647;
			files = (
			);
			name = "Qt Preprocessors";
			runOnlyForDeploymentPostprocessing = 0;
			shellPath = /bin/sh;
			shellScript = "make -C /Users/andrearuffino/Documents/S9/PED/OS3D -f 'OS3D.xcodeproj/qt_preprocess.mak'";
		};
		D7BA7D76DAB5DD13389D6332 /* Qt Qmake */ = {
			isa = PBXShellScriptBuildPhase;
			buildActionMask = 2147483647;
			files = (
			);
			name = "Qt Qmake";
			runOnlyForDeploymentPostprocessing = 0;
			shellPath = /bin/sh;
			shellScript = "make -C /Users/andrearuffino/Documents/S9/PED/OS3D -f 'OS3D.xcodeproj/qt_makeqmake.mak'";
		};
/* End PBXShellScriptBuildPhase section */

/* Begin PBXSourcesBuildPhase section */
		C29B8785722055ED95EF7B57 /* Build Sources */ = {
			isa = PBXSourcesBuildPhase;
			buildActionMask = 2147483647;
			files = (
				2B093CA6F071B023A473CED0 /* main.cpp in Build Sources */,
				77811120EBFE28CC17AAC7B0 /* zoomer.cpp in Build Sources */,
				BCB5017077662AE5ED97D4D4 /* imagelayer.cpp in Build Sources */,
				02091977450E603D1F132D69 /* algorithmexception.cpp in Build Sources */,
				F0929686249171DC0F7E26D6 /* mainwindow.cpp in Build Sources */,
				097179B20FDE182B24104409 /* imagescroll.cpp in Build Sources */,
				55D1A8DF3893AC13F87772E4 /* opendicomwindow.cpp in Build Sources */,
				B56BDFF6E4D65E3F4EE025FD /* histogramwindow.cpp in Build Sources */,
				FDC2570A464DE5529C916149 /* windowingwindow.cpp in Build Sources */,
				1A7EB1A556582787B6BEF4D0 /* imagelayerswindow.cpp in Build Sources */,
				3B9B7D47F7E285E2F813E927 /* layersthresholdwindow.cpp in Build Sources */,
				B474F88F14CC75A2A63FE123 /* imagelayerstoolswindow.cpp in Build Sources */,
				7F1E3D30B1235357BF590742 /* imagelayersviewer3dwindow.cpp in Build Sources */,
				5F5A98D3BC5EF96231A08AAF /* algorithmswindow.cpp in Build Sources */,
				9F6658883D79EED9E2A71C34 /* qcustomplot.cpp in Build Sources */,
				55638D77A32D908A8B899010 /* qxtspanslider.cpp in Build Sources */,
				4CFC08CFBDBB977419CFA18C /* viewer3d.cpp in Build Sources */,
				F43F8A20D373DDFB1ACD4128 /* skeletonmodel.cpp in Build Sources */,
				60587BD1B6F6A717C518EAA6 /* skeletonview.cpp in Build Sources */,
				BE7E3B4798928CA20AC61AB4 /* skeletongraph.cpp in Build Sources */,
				43336559D52427F155598F12 /* skeletongraphview.cpp in Build Sources */,
				3EFE514260D1D84BFD8DCD7C /* vertexgraph.cpp in Build Sources */,
				8EB6B184F26941AD5027D8EB /* edgegraph.cpp in Build Sources */,
				303D2415BD13B56DF04ED42A /* common.cpp in Build Sources */,
				A8DE23A94E9A209365C98083 /* pfSkel.cpp in Build Sources */,
				6FC09203D8A9F6566F540184 /* CritPts.cpp in Build Sources */,
				81ACB67BAD2F669A71149BFE /* expandVol.cpp in Build Sources */,
				3EE7D168E6E05130EE091BCC /* HighDiverg.cpp in Build Sources */,
				D987ED99D05F9CD31194DC80 /* makeSolidVol.cpp in Build Sources */,
				9158B04B0EBFFA043FB24CAA /* potVect.cpp in Build Sources */,
				83762BBF5211688EB55B07A4 /* StreamLn.cpp in Build Sources */,
				4CB4D34A8C314BFD99EA759A /* moc_zoomer.cpp in Build Sources */,
				A5D1F72F053F5D3FC8AADD02 /* moc_mainwindow.cpp in Build Sources */,
				504FA20729B9916432DA3461 /* moc_imagescroll.cpp in Build Sources */,
				4441B4B4AED53E7FD5962376 /* moc_opendicomwindow.cpp in Build Sources */,
				32C0A61EAB9639A9DC087396 /* moc_windowingwindow.cpp in Build Sources */,
				06E1B48B15BAF13B947EBAED /* moc_imagelayerswindow.cpp in Build Sources */,
				D72BB1DFB0ABC6A2E39F4CEA /* moc_layersthresholdwindow.cpp in Build Sources */,
				D3735E89F27EFCD107DAE738 /* moc_imagelayerstoolswindow.cpp in Build Sources */,
				91CB9357574FBFFA32FE4C95 /* moc_imagelayersviewer3dwindow.cpp in Build Sources */,
				9456A24AD3FA9166883D4705 /* moc_algorithmswindow.cpp in Build Sources */,
				6C390CF8163048B828B37AA1 /* moc_qcustomplot.cpp in Build Sources */,
				CC406ABBA76A0CEC2CA93B34 /* moc_qxtspanslider.cpp in Build Sources */,
				D282459BDAE3C3C59A032139 /* moc_qxtspanslider_p.cpp in Build Sources */,
			);
			name = "Build Sources";
			runOnlyForDeploymentPostprocessing = 0;
		};
/* End PBXSourcesBuildPhase section */

/* Begin XCBuildConfiguration section */
		4B72B24813252891014BCF61 /* Debug */ = {
			isa = XCBuildConfiguration;
			buildSettings = {
				ARCHS = x86_64;
				COPY_PHASE_STRIP = NO;
				FRAMEWORK_SEARCH_PATHS = (
					/usr/local/Cellar/qt/4.8.7_2/lib,
					/usr/local/lib/,
					/usr/local/Cellar/qt/4.8.7_2/lib,
					/usr/local/Cellar/qt/4.8.7_2/lib,
				);
				GCC_GENERATE_DEBUGGING_SYMBOLS = YES;
				GCC_OPTIMIZATION_LEVEL = 0;
				HEADER_SEARCH_PATHS = (
					/usr/local/Cellar/qt/4.8.7_2/lib/QtCore.framework/Versions/4/Headers,
					/usr/local/Cellar/qt/4.8.7_2/lib/QtCore.framework/Versions/4/Headers,
					/usr/local/Cellar/qt/4.8.7_2/lib/QtGui.framework/Versions/4/Headers,
					/usr/local/Cellar/qt/4.8.7_2/lib/QtGui.framework/Versions/4/Headers,
					/usr/local/Cellar/qt/4.8.7_2/lib/QtOpenGL.framework/Versions/4/Headers,
					/usr/local/Cellar/qt/4.8.7_2/lib/QtOpenGL.framework/Versions/4/Headers,
					/usr/local/Cellar/qt/4.8.7_2/lib/QtXml.framework/Versions/4/Headers,
					/usr/local/Cellar/qt/4.8.7_2/lib/QtXml.framework/Versions/4/Headers,
					/usr/local/Cellar/qt/4.8.7_2/include,
					/usr/include,
					/usr/local/include,
					"/usr/local/include/ITK-4.9",
					/System/Library/Frameworks/OpenGL.framework/Versions/A/Headers,
					/System/Library/Frameworks/AGL.framework/Headers,
					moc,
					/usr/local/include,
					/System/Library/Frameworks/CarbonCore.framework/Headers,
					"/usr/local/Cellar/qt/4.8.7_2/mkspecs/macx-xcode",
				);
				INFOPLIST_FILE = Info.plist;
				LIBRARY_SEARCH_PATHS = (
					/usr/local/lib/,
					/usr/local/Cellar/qt/4.8.7_2/lib,
					/System/Library/Frameworks/,
					/usr/local/opt/openssl/lib,
					/usr/local/Cellar/qt/4.8.7_2/lib,
				);
				OBJROOT = obj/;
				OTHER_CFLAGS = (
					"-pipe",
					"-O2",
					"-Wall",
					"-W",
					"-DARMA_DONT_USE_WRAPPER",
					"-DWITH_VISU3D_QGLVIEWER",
					"-DQT_NO_DEBUG",
					"-DQT_XML_LIB",
					"-DQT_OPENGL_LIB",
					"-DQT_GUI_LIB",
					"-DQT_CORE_LIB",
					"-DQT_SHARED",
				);
				OTHER_CPLUSPLUSFLAGS = (
					"-pipe",
					"-std=c++11",
					"-stdlib=libc++",
					"-mmacosx-version-min=10.7",
					"-O2",
					"-Wall",
					"-W",
					"-DARMA_DONT_USE_WRAPPER",
					"-DWITH_VISU3D_QGLVIEWER",
					"-DQT_NO_DEBUG",
					"-DQT_XML_LIB",
					"-DQT_OPENGL_LIB",
					"-DQT_GUI_LIB",
					"-DQT_CORE_LIB",
					"-DQT_SHARED",
				);
				OTHER_LDFLAGS = (
					"-headerpad_max_install_names",
					"-F/usr/local/lib/",
					"-L/usr/local/lib/",
					"-L/usr/local/Cellar/qt/4.8.7_2/lib",
					"-F/usr/local/Cellar/qt/4.8.7_2/lib",
					"-stdlib=libc++",
					"-mmacosx-version-min=10.7",
					"-ldl",
					"-lexpat",
					"-L/usr/local/opt/openssl/lib",
					"-L/usr/local/Cellar/qt/4.8.7_2/lib",
					"-F/usr/local/Cellar/qt/4.8.7_2/lib",
				);
				PRODUCT_NAME = OS3D;
			};
			name = Debug;
		};
		8C7174830A1E4DCBA0332EC1 /* Release */ = {
			isa = XCBuildConfiguration;
			buildSettings = {
				CLANG_CXX_LANGUAGE_STANDARD = "c++0x";
				CLANG_CXX_LIBRARY = "libc++";
				COPY_PHASE_STRIP = YES;
				GCC_GENERATE_DEBUGGING_SYMBOLS = NO;
				HEADER_SEARCH_PATHS = (
					/usr/local/Cellar/qt/4.8.7_2/lib/QtCore.framework/Versions/4/Headers,
					/usr/local/Cellar/qt/4.8.7_2/lib/QtCore.framework/Versions/4/Headers,
					/usr/local/Cellar/qt/4.8.7_2/lib/QtGui.framework/Versions/4/Headers,
					/usr/local/Cellar/qt/4.8.7_2/lib/QtGui.framework/Versions/4/Headers,
					/usr/local/Cellar/qt/4.8.7_2/lib/QtOpenGL.framework/Versions/4/Headers,
					/usr/local/Cellar/qt/4.8.7_2/lib/QtOpenGL.framework/Versions/4/Headers,
					/usr/local/Cellar/qt/4.8.7_2/lib/QtXml.framework/Versions/4/Headers,
					/usr/local/Cellar/qt/4.8.7_2/lib/QtXml.framework/Versions/4/Headers,
					/usr/local/Cellar/qt/4.8.7_2/include,
					/usr/include,
					/usr/local/include,
					"/usr/local/include/ITK-4.9",
					/System/Library/Frameworks/OpenGL.framework/Versions/A/Headers,
					/System/Library/Frameworks/AGL.framework/Headers,
					moc,
					/usr/local/include,
					/System/Library/Frameworks/CarbonCore.framework/Headers,
					"/usr/local/Cellar/qt/4.8.7_2/mkspecs/macx-xcode",
					.,
				);
				OTHER_CFLAGS = (
					"-pipe",
					"-O2",
					"-Wall",
					"-W",
					"-DARMA_DONT_USE_WRAPPER",
					"-DWITH_VISU3D_QGLVIEWER",
					"-DQT_NO_DEBUG",
					"-DQT_XML_LIB",
					"-DQT_OPENGL_LIB",
					"-DQT_GUI_LIB",
					"-DQT_CORE_LIB",
					"-DQT_SHARED",
					"-DAPPLE",
				);
				OTHER_CPLUSPLUSFLAGS = (
					"-pipe",
					"-std=c++11",
					"-stdlib=libc++",
					"-mmacosx-version-min=10.7",
					"-O2",
					"-Wall",
					"-W",
					"-DARMA_DONT_USE_WRAPPER",
					"-DWITH_VISU3D_QGLVIEWER",
					"-DQT_NO_DEBUG",
					"-DQT_XML_LIB",
					"-DQT_OPENGL_LIB",
					"-DQT_GUI_LIB",
					"-DQT_CORE_LIB",
					"-DQT_SHARED",
					"-DAPPLE",
				);
				OTHER_LDFLAGS = (
					"-headerpad_max_install_names",
					"-L/usr/local/lib/",
					"-F/usr/local/lib/",
					"-L/usr/local/Cellar/qt/4.8.7_2/lib",
					"-F/usr/local/Cellar/qt/4.8.7_2/lib",
					"-stdlib=libc++",
					"-mmacosx-version-min=10.7",
					"-ldl",
					"-lexpat",
					"-L/usr/local/opt/openssl/lib",
					"-L/usr/local/Cellar/qt/4.8.7_2/lib",
					"-F/usr/local/Cellar/qt/4.8.7_2/lib",
				);
				PRODUCT_NAME = OS3D;
			};
			name = Release;
		};
		BEC09A62E69C3553534FF35E /* Debug */ = {
			isa = XCBuildConfiguration;
			buildSettings = {
				CLANG_CXX_LANGUAGE_STANDARD = "c++0x";
				CLANG_CXX_LIBRARY = "libc++";
				COPY_PHASE_STRIP = NO;
				GCC_GENERATE_DEBUGGING_SYMBOLS = YES;
				GCC_OPTIMIZATION_LEVEL = 0;
				HEADER_SEARCH_PATHS = (
					/usr/local/Cellar/qt/4.8.7_2/lib/QtCore.framework/Versions/4/Headers,
					/usr/local/Cellar/qt/4.8.7_2/lib/QtCore.framework/Versions/4/Headers,
					/usr/local/Cellar/qt/4.8.7_2/lib/QtGui.framework/Versions/4/Headers,
					/usr/local/Cellar/qt/4.8.7_2/lib/QtGui.framework/Versions/4/Headers,
					/usr/local/Cellar/qt/4.8.7_2/lib/QtOpenGL.framework/Versions/4/Headers,
					/usr/local/Cellar/qt/4.8.7_2/lib/QtOpenGL.framework/Versions/4/Headers,
					/usr/local/Cellar/qt/4.8.7_2/lib/QtXml.framework/Versions/4/Headers,
					/usr/local/Cellar/qt/4.8.7_2/lib/QtXml.framework/Versions/4/Headers,
					/usr/local/Cellar/qt/4.8.7_2/include,
					/usr/include,
					/usr/local/include,
					"/usr/local/include/ITK-4.9",
					/System/Library/Frameworks/OpenGL.framework/Versions/A/Headers,
					/System/Library/Frameworks/AGL.framework/Headers,
					moc,
					/usr/local/include,
					/System/Library/Frameworks/CarbonCore.framework/Headers,
					"/usr/local/Cellar/qt/4.8.7_2/mkspecs/macx-xcode",
					.,
				);
				OTHER_CFLAGS = (
					"-pipe",
					"-O2",
					"-Wall",
					"-W",
					"-DARMA_DONT_USE_WRAPPER",
					"-DWITH_VISU3D_QGLVIEWER",
					"-DQT_NO_DEBUG",
					"-DQT_XML_LIB",
					"-DQT_OPENGL_LIB",
					"-DQT_GUI_LIB",
					"-DQT_CORE_LIB",
					"-DQT_SHARED",
					"-DAPPLE",
				);
				OTHER_CPLUSPLUSFLAGS = (
					"-pipe",
					"-std=c++11",
					"-stdlib=libc++",
					"-mmacosx-version-min=10.7",
					"-O2",
					"-Wall",
					"-W",
					"-DARMA_DONT_USE_WRAPPER",
					"-DWITH_VISU3D_QGLVIEWER",
					"-DQT_NO_DEBUG",
					"-DQT_XML_LIB",
					"-DQT_OPENGL_LIB",
					"-DQT_GUI_LIB",
					"-DQT_CORE_LIB",
					"-DQT_SHARED",
					"-DAPPLE",
				);
				OTHER_LDFLAGS = (
					"-headerpad_max_install_names",
					"-L/usr/local/lib/",
					"-F/usr/local/lib/",
					"-L/usr/local/Cellar/qt/4.8.7_2/lib",
					"-F/usr/local/Cellar/qt/4.8.7_2/lib",
					"-stdlib=libc++",
					"-mmacosx-version-min=10.7",
					"-ldl",
					"-lexpat",
					"-L/usr/local/opt/openssl/lib",
					"-L/usr/local/Cellar/qt/4.8.7_2/lib",
					"-F/usr/local/Cellar/qt/4.8.7_2/lib",
				);
				PRODUCT_NAME = OS3D;
			};
			name = Debug;
		};
		D70590BEB531B51029F711BB /* Release */ = {
			isa = XCBuildConfiguration;
			buildSettings = {
				ARCHS = x86_64;
				COPY_PHASE_STRIP = YES;
				FRAMEWORK_SEARCH_PATHS = (
					/usr/local/Cellar/qt/4.8.7_2/lib,
					/usr/local/lib/,
					/usr/local/Cellar/qt/4.8.7_2/lib,
					/usr/local/Cellar/qt/4.8.7_2/lib,
				);
				GCC_GENERATE_DEBUGGING_SYMBOLS = NO;
				HEADER_SEARCH_PATHS = (
					/usr/local/Cellar/qt/4.8.7_2/lib/QtCore.framework/Versions/4/Headers,
					/usr/local/Cellar/qt/4.8.7_2/lib/QtCore.framework/Versions/4/Headers,
					/usr/local/Cellar/qt/4.8.7_2/lib/QtGui.framework/Versions/4/Headers,
					/usr/local/Cellar/qt/4.8.7_2/lib/QtGui.framework/Versions/4/Headers,
					/usr/local/Cellar/qt/4.8.7_2/lib/QtOpenGL.framework/Versions/4/Headers,
					/usr/local/Cellar/qt/4.8.7_2/lib/QtOpenGL.framework/Versions/4/Headers,
					/usr/local/Cellar/qt/4.8.7_2/lib/QtXml.framework/Versions/4/Headers,
					/usr/local/Cellar/qt/4.8.7_2/lib/QtXml.framework/Versions/4/Headers,
					/usr/local/Cellar/qt/4.8.7_2/include,
					/usr/include,
					/usr/local/include,
					"/usr/local/include/ITK-4.9",
					/System/Library/Frameworks/OpenGL.framework/Versions/A/Headers,
					/System/Library/Frameworks/AGL.framework/Headers,
					moc,
					/usr/local/include,
					/System/Library/Frameworks/CarbonCore.framework/Headers,
					"/usr/local/Cellar/qt/4.8.7_2/mkspecs/macx-xcode",
				);
				INFOPLIST_FILE = Info.plist;
				LIBRARY_SEARCH_PATHS = (
					/usr/local/lib/,
					/usr/local/Cellar/qt/4.8.7_2/lib,
					/System/Library/Frameworks/,
					/usr/local/opt/openssl/lib,
					/usr/local/Cellar/qt/4.8.7_2/lib,
				);
				OBJROOT = obj/;
				OTHER_CFLAGS = (
					"-pipe",
					"-O2",
					"-Wall",
					"-W",
					"-DARMA_DONT_USE_WRAPPER",
					"-DWITH_VISU3D_QGLVIEWER",
					"-DQT_NO_DEBUG",
					"-DQT_XML_LIB",
					"-DQT_OPENGL_LIB",
					"-DQT_GUI_LIB",
					"-DQT_CORE_LIB",
					"-DQT_SHARED",
				);
				OTHER_CPLUSPLUSFLAGS = (
					"-pipe",
					"-std=c++11",
					"-stdlib=libc++",
					"-mmacosx-version-min=10.7",
					"-O2",
					"-Wall",
					"-W",
					"-DARMA_DONT_USE_WRAPPER",
					"-DWITH_VISU3D_QGLVIEWER",
					"-DQT_NO_DEBUG",
					"-DQT_XML_LIB",
					"-DQT_OPENGL_LIB",
					"-DQT_GUI_LIB",
					"-DQT_CORE_LIB",
					"-DQT_SHARED",
				);
				OTHER_LDFLAGS = (
					"-headerpad_max_install_names",
					"-F/usr/local/lib/",
					"-L/usr/local/lib/",
					"-L/usr/local/Cellar/qt/4.8.7_2/lib",
					"-F/usr/local/Cellar/qt/4.8.7_2/lib",
					"-stdlib=libc++",
					"-mmacosx-version-min=10.7",
					"-ldl",
					"-lexpat",
					"-L/usr/local/opt/openssl/lib",
					"-L/usr/local/Cellar/qt/4.8.7_2/lib",
					"-F/usr/local/Cellar/qt/4.8.7_2/lib",
				);
				PRODUCT_NAME = OS3D;
			};
			name = Release;
		};
/* End XCBuildConfiguration section */

/* Begin XCConfigurationList section */
		17B3380A4D6A7D415E7F2E1E /* Build configuration list for PBXNativeTarget "OS3D" */ = {
			isa = XCConfigurationList;
			buildConfigurations = (
				BEC09A62E69C3553534FF35E /* Debug */,
				8C7174830A1E4DCBA0332EC1 /* Release */,
			);
			defaultConfigurationIsVisible = 0;
			defaultConfigurationName = Release;
		};
		CC82A9286117DFED018F418F /* Build configuration list for PBXProject "OS3D" */ = {
			isa = XCConfigurationList;
			buildConfigurations = (
				4B72B24813252891014BCF61 /* Debug */,
				D70590BEB531B51029F711BB /* Release */,
			);
			defaultConfigurationIsVisible = 0;
			defaultConfigurationName = Release;
		};
/* End XCConfigurationList section */
	};
	rootObject = 91B15E841AA80083484172DE /* Project object */;
}
